<?xml version="1.0" encoding="utf-8"?>
<Project ToolsVersion="4.0" xmlns="http://schemas.microsoft.com/developer/msbuild/2003">
  <ItemGroup>
    <Filter Include="culling">
      <UniqueIdentifier>{35ae6170-1986-4ed9-9f38-8a38f1d569cf}</UniqueIdentifier>
    </Filter>
    <Filter Include="device">
      <UniqueIdentifier>{a55ec38c-ee29-4e72-8073-d4244e867465}</UniqueIdentifier>
    </Filter>
    <Filter Include="effect">
      <UniqueIdentifier>{54235c0d-b341-4490-a6f2-efa6d6dc8c70}</UniqueIdentifier>
    </Filter>
    <Filter Include="helpers">
      <UniqueIdentifier>{06d9237d-850b-407d-ab16-94d5708a3215}</UniqueIdentifier>
    </Filter>
    <Filter Include="helperThread">
      <UniqueIdentifier>{a4b2d87d-bfea-4e92-96ae-327ffddda713}</UniqueIdentifier>
    </Filter>
    <Filter Include="texture">
      <UniqueIdentifier>{9dca6f85-82a7-4168-95bf-aaac70b3a7dd}</UniqueIdentifier>
    </Filter>
  </ItemGroup>
  <ItemGroup>
    <ClCompile Include="broadPhase2D.cpp">
      <Filter>culling</Filter>
    </ClCompile>
    <ClCompile Include="gridCuller.cpp">
      <Filter>culling</Filter>
    </ClCompile>
    <ClCompile Include="volumeCuller.cpp">
      <Filter>culling</Filter>
    </ClCompile>
    <ClCompile Include="BD3D.cpp">
      <Filter>device</Filter>
    </ClCompile>
    <ClCompile Include="DCBManager.cpp">
      <Filter>device</Filter>
    </ClCompile>
    <ClCompile Include="deviceStateDumper.cpp">
      <Filter>device</Filter>
    </ClCompile>
    <ClCompile Include="dynamicGPUBuffer.cpp">
      <Filter>device</Filter>
    </ClCompile>
    <ClCompile Include="fixedFuncShaders.cpp">
      <Filter>device</Filter>
    </ClCompile>
    <ClCompile Include="renderDraw.cpp">
      <Filter>device</Filter>
    </ClCompile>
    <ClCompile Include="renderInit.cpp">
      <Filter>device</Filter>
    </ClCompile>
    <ClCompile Include="renderStateFilter.cpp">
      <Filter>device</Filter>
    </ClCompile>
    <ClCompile Include="renderThread.cpp">
      <Filter>device</Filter>
    </ClCompile>
    <ClCompile Include="renderTime.cpp">
      <Filter>device</Filter>
    </ClCompile>
    <ClCompile Include="effect.cpp">
      <Filter>effect</Filter>
    </ClCompile>
    <ClCompile Include="effectBinder.cpp">
      <Filter>effect</Filter>
    </ClCompile>
    <ClCompile Include="effectFileLoader.cpp">
      <Filter>effect</Filter>
    </ClCompile>
    <ClCompile Include="effectIntrinsicManager.cpp">
      <Filter>effect</Filter>
    </ClCompile>
    <ClCompile Include="debugText.cpp">
      <Filter>helpers</Filter>
    </ClCompile>
    <ClCompile Include="gpuHeap.cpp">
      <Filter>helpers</Filter>
    </ClCompile>
    <ClCompile Include="matrixTracker.cpp">
      <Filter>helpers</Filter>
    </ClCompile>
    <ClCompile Include="physicalAllocator.cpp">
      <Filter>helpers</Filter>
    </ClCompile>
    <ClCompile Include="renderToTextureXbox.cpp">
      <Filter>helpers</Filter>
    </ClCompile>
    <ClCompile Include="renderViewport.cpp">
      <Filter>helpers</Filter>
    </ClCompile>
    <ClCompile Include="vertexDeclManager.cpp">
      <Filter>helpers</Filter>
    </ClCompile>
    <ClCompile Include="vertexDeclUtils.cpp">
      <Filter>helpers</Filter>
    </ClCompile>
    <ClCompile Include="xcolorUtils.cpp">
      <Filter>helpers</Filter>
    </ClCompile>
    <ClCompile Include="renderHelperThread.cpp">
      <Filter>helperThread</Filter>
    </ClCompile>
    <ClCompile Include="D3DTexture.cpp">
      <Filter>texture</Filter>
    </ClCompile>
    <ClCompile Include="D3DTextureLoader.cpp">
      <Filter>texture</Filter>
    </ClCompile>
    <ClCompile Include="D3DTextureManager.cpp">
      <Filter>texture</Filter>
    </ClCompile>
    <ClCompile Include="D3DTextureStats.cpp">
      <Filter>texture</Filter>
    </ClCompile>
    <ClCompile Include="gpuDXTUnpacker.cpp">
      <Filter>texture</Filter>
    </ClCompile>
    <ClCompile Include="packedTextureManager.cpp">
      <Filter>texture</Filter>
    </ClCompile>
    <ClCompile Include="xboxTextureHeap.cpp">
      <Filter>texture</Filter>
    </ClCompile>
    <ClCompile Include="xrender.cpp" />
  </ItemGroup>
  <ItemGroup>
    <ClInclude Include="broadPhase2D.h">
      <Filter>culling</Filter>
    </ClInclude>
    <ClInclude Include="gridCuller.h">
      <Filter>culling</Filter>
    </ClInclude>
    <ClInclude Include="volumeCuller.h">
      <Filter>culling</Filter>
    </ClInclude>
    <ClInclude Include="BD3D.h">
      <Filter>device</Filter>
    </ClInclude>
    <ClInclude Include="DCBManager.h">
      <Filter>device</Filter>
    </ClInclude>
    <ClInclude Include="deviceStateDumper.h">
      <Filter>device</Filter>
    </ClInclude>
    <ClInclude Include="dynamicGPUBuffer.h">
      <Filter>device</Filter>
    </ClInclude>
    <ClInclude Include="fixedFuncShaders.h">
      <Filter>device</Filter>
    </ClInclude>
    <ClInclude Include="renderCommand.h">
      <Filter>device</Filter>
    </ClInclude>
    <ClInclude Include="renderDraw.h">
      <Filter>device</Filter>
    </ClInclude>
    <ClInclude Include="renderEventClasses.h">
      <Filter>device</Filter>
    </ClInclude>
    <ClInclude Include="renderInit.h">
      <Filter>device</Filter>
    </ClInclude>
    <ClInclude Include="renderStateFilter.h">
      <Filter>device</Filter>
    </ClInclude>
    <ClInclude Include="renderThread.h">
      <Filter>device</Filter>
    </ClInclude>
    <ClInclude Include="renderTime.h">
      <Filter>device</Filter>
    </ClInclude>
    <ClInclude Include="effect.h">
      <Filter>effect</Filter>
    </ClInclude>
    <ClInclude Include="effectBinder.h">
      <Filter>effect</Filter>
    </ClInclude>
    <ClInclude Include="effectFileLoader.h">
      <Filter>effect</Filter>
    </ClInclude>
    <ClInclude Include="effectIntrinsicDefs.h">
      <Filter>effect</Filter>
    </ClInclude>
    <ClInclude Include="effectIntrinsicManager.h">
      <Filter>effect</Filter>
    </ClInclude>
    <ClInclude Include="effectIntrinsicMapper.h">
      <Filter>effect</Filter>
    </ClInclude>
    <ClInclude Include="debugText.h">
      <Filter>helpers</Filter>
    </ClInclude>
    <ClInclude Include="gpuHeap.h">
      <Filter>helpers</Filter>
    </ClInclude>
    <ClInclude Include="matrixTracker.h">
      <Filter>helpers</Filter>
    </ClInclude>
    <ClInclude Include="physicalAllocator.h">
      <Filter>helpers</Filter>
    </ClInclude>
    <ClInclude Include="renderToTextureXbox.h">
      <Filter>helpers</Filter>
    </ClInclude>
    <ClInclude Include="renderViewport.h">
      <Filter>helpers</Filter>
    </ClInclude>
    <ClInclude Include="simpleCamera.h">
      <Filter>helpers</Filter>
    </ClInclude>
    <ClInclude Include="vertexDeclManager.h">
      <Filter>helpers</Filter>
    </ClInclude>
    <ClInclude Include="vertexDeclUtils.h">
      <Filter>helpers</Filter>
    </ClInclude>
    <ClInclude Include="volumeIntersection.h">
      <Filter>helpers</Filter>
    </ClInclude>
    <ClInclude Include="xcolorUtils.h">
      <Filter>helpers</Filter>
    </ClInclude>
    <ClInclude Include="renderHelperThread.h">
      <Filter>helperThread</Filter>
    </ClInclude>
    <ClInclude Include="D3DTexture.h">
      <Filter>texture</Filter>
    </ClInclude>
    <ClInclude Include="D3DTextureLoader.h">
      <Filter>texture</Filter>
    </ClInclude>
    <ClInclude Include="D3DTextureManager.h">
      <Filter>texture</Filter>
    </ClInclude>
    <ClInclude Include="D3DTextureStats.h">
      <Filter>texture</Filter>
    </ClInclude>
    <ClInclude Include="gpuDXTUnpacker.h">
      <Filter>texture</Filter>
    </ClInclude>
    <ClInclude Include="packedTextureManager.h">
      <Filter>texture</Filter>
    </ClInclude>
    <ClInclude Include="xboxTextureHeap.h">
      <Filter>texture</Filter>
    </ClInclude>
    <ClInclude Include="xrender.h" />
  </ItemGroup>
  <ItemGroup>
    <None Include="broadPhase2D.inl">
      <Filter>culling</Filter>
    </None>
    <None Include="gridCuller.inl">
      <Filter>culling</Filter>
    </None>
    <None Include="renderThread.inl">
      <Filter>device</Filter>
    </None>
    <None Include="xenonGammaRamp.inl">
      <Filter>device</Filter>
    </None>
    <None Include="effect.inl">
      <Filter>effect</Filter>
    </None>
  </ItemGroup>
</Project>