Microsoft Visual Studio Solution File, Format Version 12.00
# Visual Studio Version 18
VisualStudioVersion = 18.2.11415.280
MinimumVisualStudioVersion = 10.0.40219.1
Project("{8BC9CEB8-8B4A-11D0-8D11-00A0C91BC942}") = "xgame", "xgame.vcxproj", "{A9F76231-E9AB-4414-8B8A-2D247669B7CA}"
	ProjectSection(ProjectDependencies) = postProject
		{16121742-CA57-41F0-9FA7-1A518A5DBBEF} = {16121742-CA57-41F0-9FA7-1A518A5DBBEF}
		{5170BC4F-CC1D-4BBC-AF0A-4489B87891E9} = {5170BC4F-CC1D-4BBC-AF0A-4489B87891E9}
		{47117851-E570-47A2-9E2C-4B0F0E91AC13} = {47117851-E570-47A2-9E2C-4B0F0E91AC13}
		{1E6CB453-DFFD-4E64-B95F-63641B7D8971} = {1E6CB453-DFFD-4E64-B95F-63641B7D8971}
		{3B96AA5E-E639-4251-B8CC-59D79DFA14CB} = {3B96AA5E-E639-4251-B8CC-59D79DFA14CB}
		{6D065C60-FB33-4657-9C09-E26C8DC9F695} = {6D065C60-FB33-4657-9C09-E26C8DC9F695}
		{EE08B261-74CD-44A9-BC15-B26689FCD9A0} = {EE08B261-74CD-44A9-BC15-B26689FCD9A0}
		{FC19316B-CBC6-4396-8B57-7651E617A369} = {FC19316B-CBC6-4396-8B57-7651E617A369}
		{CC1BB2A0-F8FD-4A35-90DF-D34DD605B9DE} = {CC1BB2A0-F8FD-4A35-90DF-D34DD605B9DE}
		{EE5C20A7-B3F6-4E2C-9667-0CD5C033C39A} = {EE5C20A7-B3F6-4E2C-9667-0CD5C033C39A}
		{010B79A9-A4DE-454D-8C66-B6CC4D0539A2} = {010B79A9-A4DE-454D-8C66-B6CC4D0539A2}
		{8E249CAD-9EDD-42D9-9FE4-B97D11E751B9} = {8E249CAD-9EDD-42D9-9FE4-B97D11E751B9}
		{33F038AF-FAFE-4FF6-B185-C6E4E215D8B9} = {33F038AF-FAFE-4FF6-B185-C6E4E215D8B9}
		{779984B3-5179-40F5-BCFA-5BFC9465F9F3} = {779984B3-5179-40F5-BCFA-5BFC9465F9F3}
		{18B091CA-B6B8-453C-A2BA-30F348753FD1} = {18B091CA-B6B8-453C-A2BA-30F348753FD1}
		{E6C1C2CF-79D7-46E3-9A34-431B6C35D6FB} = {E6C1C2CF-79D7-46E3-9A34-431B6C35D6FB}
		{1DB1EFE1-66B7-4276-B383-43CFA121E5A2} = {1DB1EFE1-66B7-4276-B383-43CFA121E5A2}
		{D35114E9-75CE-4DCA-8667-55FFE8887306} = {D35114E9-75CE-4DCA-8667-55FFE8887306}
	EndProjectSection
EndProject
Project("{8BC9CEB8-8B4A-11D0-8D11-00A0C91BC942}") = "XScript", "..\xscript\XSCRIPT.vcxproj", "{EE5C20A7-B3F6-4E2C-9667-0CD5C033C39A}"
EndProject
Project("{8BC9CEB8-8B4A-11D0-8D11-00A0C91BC942}") = "xinputsystem", "..\xinputsystem\xinputsystem.vcxproj", "{3B96AA5E-E639-4251-B8CC-59D79DFA14CB}"
EndProject
Project("{8BC9CEB8-8B4A-11D0-8D11-00A0C91BC942}") = "xrender", "..\xrender\xrender.vcxproj", "{33F038AF-FAFE-4FF6-B185-C6E4E215D8B9}"
EndProject
Project("{8BC9CEB8-8B4A-11D0-8D11-00A0C91BC942}") = "xgameRender", "..\xgamerender\xgameRender.vcxproj", "{CC1BB2A0-F8FD-4A35-90DF-D34DD605B9DE}"
EndProject
Project("{8BC9CEB8-8B4A-11D0-8D11-00A0C91BC942}") = "xcore", "..\xcore\xcore.vcxproj", "{FC19316B-CBC6-4396-8B57-7651E617A369}"
EndProject
Project("{8BC9CEB8-8B4A-11D0-8D11-00A0C91BC942}") = "xsystem", "..\xsystem\xsystem.vcxproj", "{5170BC4F-CC1D-4BBC-AF0A-4489B87891E9}"
EndProject
Project("{8BC9CEB8-8B4A-11D0-8D11-00A0C91BC942}") = "ddx", "..\ddx\ddx.vcxproj", "{EE08B261-74CD-44A9-BC15-B26689FCD9A0}"
EndProject
Project("{8BC9CEB8-8B4A-11D0-8D11-00A0C91BC942}") = "compression", "..\compression\compression.vcxproj", "{1E6CB453-DFFD-4E64-B95F-63641B7D8971}"
EndProject
Project("{8BC9CEB8-8B4A-11D0-8D11-00A0C91BC942}") = "ximage", "..\ximage\ximage.vcxproj", "{D35114E9-75CE-4DCA-8667-55FFE8887306}"
EndProject
Project("{8BC9CEB8-8B4A-11D0-8D11-00A0C91BC942}") = "xgeom", "..\xgeom\xgeom.vcxproj", "{1DB1EFE1-66B7-4276-B383-43CFA121E5A2}"
EndProject
Project("{8BC9CEB8-8B4A-11D0-8D11-00A0C91BC942}") = "xnetwork", "..\xnetwork\xnetwork.vcxproj", "{E6C1C2CF-79D7-46E3-9A34-431B6C35D6FB}"
EndProject
Project("{8BC9CEB8-8B4A-11D0-8D11-00A0C91BC942}") = "terrain", "..\terrain\terrain.vcxproj", "{47117851-E570-47A2-9E2C-4B0F0E91AC13}"
EndProject
Project("{8BC9CEB8-8B4A-11D0-8D11-00A0C91BC942}") = "xsound", "..\xsound\xsound.vcxproj", "{779984B3-5179-40F5-BCFA-5BFC9465F9F3}"
EndProject
Project("{8BC9CEB8-8B4A-11D0-8D11-00A0C91BC942}") = "xvisual", "..\xvisual\xvisual.vcxproj", "{010B79A9-A4DE-454D-8C66-B6CC4D0539A2}"
EndProject
Project("{8BC9CEB8-8B4A-11D0-8D11-00A0C91BC942}") = "xgranny", "..\xgranny\xgranny.vcxproj", "{6D065C60-FB33-4657-9C09-E26C8DC9F695}"
EndProject
Project("{8BC9CEB8-8B4A-11D0-8D11-00A0C91BC942}") = "xphysics", "..\xphysics\physics.vcxproj", "{16121742-CA57-41F0-9FA7-1A518A5DBBEF}"
EndProject
Project("{8BC9CEB8-8B4A-11D0-8D11-00A0C91BC942}") = "xparticles", "..\xparticles\xparticles.vcxproj", "{18B091CA-B6B8-453C-A2BA-30F348753FD1}"
EndProject
Project("{8BC9CEB8-8B4A-11D0-8D11-00A0C91BC942}") = "shaders", "..\shaders\shaders.vcxproj", "{A43A8D18-EC64-4BEC-9849-E09875982798}"
EndProject
Project("{8BC9CEB8-8B4A-11D0-8D11-00A0C91BC942}") = "xvince", "..\xvince\xvince.vcxproj", "{8E249CAD-9EDD-42D9-9FE4-B97D11E751B9}"
EndProject
Global
	GlobalSection(SolutionConfigurationPlatforms) = preSolution
		Debug|x86 = Debug|x86
	EndGlobalSection
	GlobalSection(ProjectConfigurationPlatforms) = postSolution
		{A9F76231-E9AB-4414-8B8A-2D247669B7CA}.Debug|x86.ActiveCfg = Debug|Win32
		{A9F76231-E9AB-4414-8B8A-2D247669B7CA}.Debug|x86.Build.0 = Debug|Win32
		{EE5C20A7-B3F6-4E2C-9667-0CD5C033C39A}.Debug|x86.ActiveCfg = Debug|Win32
		{EE5C20A7-B3F6-4E2C-9667-0CD5C033C39A}.Debug|x86.Build.0 = Debug|Win32
		{3B96AA5E-E639-4251-B8CC-59D79DFA14CB}.Debug|x86.ActiveCfg = Debug|Win32
		{3B96AA5E-E639-4251-B8CC-59D79DFA14CB}.Debug|x86.Build.0 = Debug|Win32
		{33F038AF-FAFE-4FF6-B185-C6E4E215D8B9}.Debug|x86.ActiveCfg = Debug|Win32
		{33F038AF-FAFE-4FF6-B185-C6E4E215D8B9}.Debug|x86.Build.0 = Debug|Win32
		{CC1BB2A0-F8FD-4A35-90DF-D34DD605B9DE}.Debug|x86.ActiveCfg = Debug|Win32
		{CC1BB2A0-F8FD-4A35-90DF-D34DD605B9DE}.Debug|x86.Build.0 = Debug|Win32
		{FC19316B-CBC6-4396-8B57-7651E617A369}.Debug|x86.ActiveCfg = Debug|Win32
		{FC19316B-CBC6-4396-8B57-7651E617A369}.Debug|x86.Build.0 = Debug|Win32
		{5170BC4F-CC1D-4BBC-AF0A-4489B87891E9}.Debug|x86.ActiveCfg = Debug|Win32
		{5170BC4F-CC1D-4BBC-AF0A-4489B87891E9}.Debug|x86.Build.0 = Debug|Win32
		{EE08B261-74CD-44A9-BC15-B26689FCD9A0}.Debug|x86.ActiveCfg = Debug|Win32
		{EE08B261-74CD-44A9-BC15-B26689FCD9A0}.Debug|x86.Build.0 = Debug|Win32
		{1E6CB453-DFFD-4E64-B95F-63641B7D8971}.Debug|x86.ActiveCfg = Debug|Win32
		{1E6CB453-DFFD-4E64-B95F-63641B7D8971}.Debug|x86.Build.0 = Debug|Win32
		{D35114E9-75CE-4DCA-8667-55FFE8887306}.Debug|x86.ActiveCfg = Debug|Win32
		{D35114E9-75CE-4DCA-8667-55FFE8887306}.Debug|x86.Build.0 = Debug|Win32
		{1DB1EFE1-66B7-4276-B383-43CFA121E5A2}.Debug|x86.ActiveCfg = Debug|Win32
		{1DB1EFE1-66B7-4276-B383-43CFA121E5A2}.Debug|x86.Build.0 = Debug|Win32
		{E6C1C2CF-79D7-46E3-9A34-431B6C35D6FB}.Debug|x86.ActiveCfg = Debug|Win32
		{E6C1C2CF-79D7-46E3-9A34-431B6C35D6FB}.Debug|x86.Build.0 = Debug|Win32
		{47117851-E570-47A2-9E2C-4B0F0E91AC13}.Debug|x86.ActiveCfg = Debug|Win32
		{47117851-E570-47A2-9E2C-4B0F0E91AC13}.Debug|x86.Build.0 = Debug|Win32
		{779984B3-5179-40F5-BCFA-5BFC9465F9F3}.Debug|x86.ActiveCfg = Debug|Win32
		{779984B3-5179-40F5-BCFA-5BFC9465F9F3}.Debug|x86.Build.0 = Debug|Win32
		{010B79A9-A4DE-454D-8C66-B6CC4D0539A2}.Debug|x86.ActiveCfg = Debug|Win32
		{010B79A9-A4DE-454D-8C66-B6CC4D0539A2}.Debug|x86.Build.0 = Debug|Win32
		{6D065C60-FB33-4657-9C09-E26C8DC9F695}.Debug|x86.ActiveCfg = Debug|Win32
		{6D065C60-FB33-4657-9C09-E26C8DC9F695}.Debug|x86.Build.0 = Debug|Win32
		{16121742-CA57-41F0-9FA7-1A518A5DBBEF}.Debug|x86.ActiveCfg = Debug|Win32
		{16121742-CA57-41F0-9FA7-1A518A5DBBEF}.Debug|x86.Build.0 = Debug|Win32
		{18B091CA-B6B8-453C-A2BA-30F348753FD1}.Debug|x86.ActiveCfg = Debug|Win32
		{18B091CA-B6B8-453C-A2BA-30F348753FD1}.Debug|x86.Build.0 = Debug|Win32
		{A43A8D18-EC64-4BEC-9849-E09875982798}.Debug|x86.ActiveCfg = Debug|Win32
		{A43A8D18-EC64-4BEC-9849-E09875982798}.Debug|x86.Build.0 = Debug|Win32
		{8E249CAD-9EDD-42D9-9FE4-B97D11E751B9}.Debug|x86.ActiveCfg = Debug|Win32
		{8E249CAD-9EDD-42D9-9FE4-B97D11E751B9}.Debug|x86.Build.0 = Debug|Win32
	EndGlobalSection
	GlobalSection(SolutionProperties) = preSolution
		HideSolutionNode = FALSE
	EndGlobalSection
	GlobalSection(ExtensibilityGlobals) = postSolution
		SolutionGuid = {B77B63E4-7C37-4675-9EEE-D4FC8CD306E1}
	EndGlobalSection
EndGlobal
