<?xml version="1.0" encoding="utf-8"?>
<Project ToolsVersion="4.0" xmlns="http://schemas.microsoft.com/developer/msbuild/2003">
  <ItemGroup>
    <Filter Include="Source Files">
      <UniqueIdentifier>{6fff8813-ae79-496b-b34b-948d7b5c06ab}</UniqueIdentifier>
      <Extensions>cpp;c;cxx;rc;def;r;odl;idl;hpj;bat</Extensions>
    </Filter>
    <Filter Include="Header Files">
      <UniqueIdentifier>{b9801e7b-a613-41b0-95dc-54e48ab7f0bc}</UniqueIdentifier>
      <Extensions>h;hpp;hxx;hm;inl</Extensions>
    </Filter>
  </ItemGroup>
  <ItemGroup>
    <ClCompile Include="xsactivationrecord.cpp">
      <Filter>Source Files</Filter>
    </ClCompile>
    <ClCompile Include="xscompiler.cpp">
      <Filter>Source Files</Filter>
    </ClCompile>
    <ClCompile Include="xsconfig.cpp">
      <Filter>Source Files</Filter>
    </ClCompile>
    <ClCompile Include="xscript.cpp">
      <Filter>Source Files</Filter>
    </ClCompile>
    <ClCompile Include="xsdata.cpp">
      <Filter>Source Files</Filter>
    </ClCompile>
    <ClCompile Include="xsemitter.cpp">
      <Filter>Source Files</Filter>
    </ClCompile>
    <ClCompile Include="xsfileentry.cpp">
      <Filter>Source Files</Filter>
    </ClCompile>
    <ClCompile Include="xsfuncs.cpp">
      <Filter>Source Files</Filter>
    </ClCompile>
    <ClCompile Include="xsfunctionentry.cpp">
      <Filter>Source Files</Filter>
    </ClCompile>
    <ClCompile Include="xsinterpreter.cpp">
      <Filter>Source Files</Filter>
    </ClCompile>
    <ClCompile Include="xsmessenger.cpp">
      <Filter>Source Files</Filter>
    </ClCompile>
    <ClCompile Include="xsopcodes.cpp">
      <Filter>Source Files</Filter>
    </ClCompile>
    <ClCompile Include="xsoptimizer.cpp">
      <Filter>Source Files</Filter>
    </ClCompile>
    <ClCompile Include="xsparsetree.cpp">
      <Filter>Source Files</Filter>
    </ClCompile>
    <ClCompile Include="xsruleentry.cpp">
      <Filter>Source Files</Filter>
    </ClCompile>
    <ClCompile Include="xsrulemodule.cpp">
      <Filter>Source Files</Filter>
    </ClCompile>
    <ClCompile Include="xsruntime.cpp">
      <Filter>Source Files</Filter>
    </ClCompile>
    <ClCompile Include="xssource.cpp">
      <Filter>Source Files</Filter>
    </ClCompile>
    <ClCompile Include="xssymboltable.cpp">
      <Filter>Source Files</Filter>
    </ClCompile>
    <ClCompile Include="xssyscallentry.cpp">
      <Filter>Source Files</Filter>
    </ClCompile>
    <ClCompile Include="xssyscallmodule.cpp">
      <Filter>Source Files</Filter>
    </ClCompile>
    <ClCompile Include="xssyscalltypes.cpp">
      <Filter>Source Files</Filter>
    </ClCompile>
    <ClCompile Include="xstokenizer.cpp">
      <Filter>Source Files</Filter>
    </ClCompile>
    <ClCompile Include="xsuserclassentry.cpp">
      <Filter>Source Files</Filter>
    </ClCompile>
    <ClCompile Include="xsvariableentry.cpp">
      <Filter>Source Files</Filter>
    </ClCompile>
  </ItemGroup>
  <ItemGroup>
    <ClInclude Include="xsactivationrecord.h">
      <Filter>Header Files</Filter>
    </ClInclude>
    <ClInclude Include="xscompiler.h">
      <Filter>Header Files</Filter>
    </ClInclude>
    <ClInclude Include="xsconfig.h">
      <Filter>Header Files</Filter>
    </ClInclude>
    <ClInclude Include="xsconfigmacros.h">
      <Filter>Header Files</Filter>
    </ClInclude>
    <ClInclude Include="xscript.h">
      <Filter>Header Files</Filter>
    </ClInclude>
    <ClInclude Include="xsdata.h">
      <Filter>Header Files</Filter>
    </ClInclude>
    <ClInclude Include="xsdefines.h">
      <Filter>Header Files</Filter>
    </ClInclude>
    <ClInclude Include="xsemitter.h">
      <Filter>Header Files</Filter>
    </ClInclude>
    <ClInclude Include="xsfileentry.h">
      <Filter>Header Files</Filter>
    </ClInclude>
    <ClInclude Include="xsfuncs.h">
      <Filter>Header Files</Filter>
    </ClInclude>
    <ClInclude Include="xsfunctionentry.h">
      <Filter>Header Files</Filter>
    </ClInclude>
    <ClInclude Include="xsinterpreter.h">
      <Filter>Header Files</Filter>
    </ClInclude>
    <ClInclude Include="xsmessenger.h">
      <Filter>Header Files</Filter>
    </ClInclude>
    <ClInclude Include="xsopcodes.h">
      <Filter>Header Files</Filter>
    </ClInclude>
    <ClInclude Include="xsoptimizer.h">
      <Filter>Header Files</Filter>
    </ClInclude>
    <ClInclude Include="xsparsetree.h">
      <Filter>Header Files</Filter>
    </ClInclude>
    <ClInclude Include="xsquad.h">
      <Filter>Header Files</Filter>
    </ClInclude>
    <ClInclude Include="xsruleentry.h">
      <Filter>Header Files</Filter>
    </ClInclude>
    <ClInclude Include="xsrulemodule.h">
      <Filter>Header Files</Filter>
    </ClInclude>
    <ClInclude Include="xsruntime.h">
      <Filter>Header Files</Filter>
    </ClInclude>
    <ClInclude Include="xssource.h">
      <Filter>Header Files</Filter>
    </ClInclude>
    <ClInclude Include="xssymboltable.h">
      <Filter>Header Files</Filter>
    </ClInclude>
    <ClInclude Include="xssyscallentry.h">
      <Filter>Header Files</Filter>
    </ClInclude>
    <ClInclude Include="xssyscallmodule.h">
      <Filter>Header Files</Filter>
    </ClInclude>
    <ClInclude Include="xssyscalltypes.h">
      <Filter>Header Files</Filter>
    </ClInclude>
    <ClInclude Include="xstokenizer.h">
      <Filter>Header Files</Filter>
    </ClInclude>
    <ClInclude Include="xsuserclassentry.h">
      <Filter>Header Files</Filter>
    </ClInclude>
    <ClInclude Include="xsvariableentry.h">
      <Filter>Header Files</Filter>
    </ClInclude>
  </ItemGroup>
</Project>