<?xml version="1.0" encoding="utf-8"?>
<Project ToolsVersion="4.0" xmlns="http://schemas.microsoft.com/developer/msbuild/2003">
  <ItemGroup>
    <Filter Include="Source Files">
      <UniqueIdentifier>{4FC737F1-C7A5-4376-A066-2A32D752A2FF}</UniqueIdentifier>
      <Extensions>cpp;c;cxx;def;odl;idl;hpj;bat;asm;asmx</Extensions>
    </Filter>
    <Filter Include="Source Files\ddx">
      <UniqueIdentifier>{7e23a33c-9ebd-4b24-a790-53d3edae4012}</UniqueIdentifier>
    </Filter>
    <Filter Include="Source Files\codec">
      <UniqueIdentifier>{2ccf9e8f-5bed-436f-a241-be37a188766a}</UniqueIdentifier>
    </Filter>
    <Filter Include="Source Files\utils">
      <UniqueIdentifier>{34f83979-a558-4b76-be83-32f3687a20df}</UniqueIdentifier>
    </Filter>
    <Filter Include="Source Files\ddt">
      <UniqueIdentifier>{2af12ead-5697-43a5-a250-544773a8b215}</UniqueIdentifier>
    </Filter>
    <Filter Include="Source Files\DXTQ">
      <UniqueIdentifier>{6c6cdbf1-2838-40a8-b11b-8692680e74eb}</UniqueIdentifier>
    </Filter>
    <Filter Include="DLL">
      <UniqueIdentifier>{9b6c381e-16c8-4faf-861f-bcd0c4042175}</UniqueIdentifier>
    </Filter>
  </ItemGroup>
  <ItemGroup>
    <ClInclude Include="DDXDef.h">
      <Filter>Source Files\ddx</Filter>
    </ClInclude>
    <ClInclude Include="DDXPacker.h">
      <Filter>Source Files\ddx</Filter>
    </ClInclude>
    <ClInclude Include="DDXUnpacker.h">
      <Filter>Source Files\ddx</Filter>
    </ClInclude>
    <ClInclude Include="DDXCodec.h">
      <Filter>Source Files\codec</Filter>
    </ClInclude>
    <ClInclude Include="DDXPackParams.h">
      <Filter>Source Files\codec</Filter>
    </ClInclude>
    <ClInclude Include="DDXSerializedTexture.h">
      <Filter>Source Files\utils</Filter>
    </ClInclude>
    <ClInclude Include="DDXUtils.h">
      <Filter>Source Files\utils</Filter>
    </ClInclude>
    <ClInclude Include="xboxDataComposers.h">
      <Filter>Source Files\utils</Filter>
    </ClInclude>
    <ClInclude Include="DDTUnpacker.h">
      <Filter>Source Files\ddt</Filter>
    </ClInclude>
    <ClInclude Include="DXTQPack.h">
      <Filter>Source Files\DXTQ</Filter>
    </ClInclude>
    <ClInclude Include="DXTQTypes.h">
      <Filter>Source Files\DXTQ</Filter>
    </ClInclude>
    <ClInclude Include="DXTQUnpack.h">
      <Filter>Source Files\DXTQ</Filter>
    </ClInclude>
  </ItemGroup>
  <ItemGroup>
    <ClCompile Include="DDXPacker.cpp">
      <Filter>Source Files\ddx</Filter>
    </ClCompile>
    <ClCompile Include="DDXUnpacker.cpp">
      <Filter>Source Files\ddx</Filter>
    </ClCompile>
    <ClCompile Include="DDXCodec.cpp">
      <Filter>Source Files\codec</Filter>
    </ClCompile>
    <ClCompile Include="DDXUtils.cpp">
      <Filter>Source Files\utils</Filter>
    </ClCompile>
    <ClCompile Include="DDTUnpacker.cpp">
      <Filter>Source Files\ddt</Filter>
    </ClCompile>
    <ClCompile Include="DXTQPack.cpp">
      <Filter>Source Files\DXTQ</Filter>
    </ClCompile>
    <ClCompile Include="DXTQUnpack.cpp">
      <Filter>Source Files\DXTQ</Filter>
    </ClCompile>
    <ClCompile Include="DDXDLL.cpp">
      <Filter>DLL</Filter>
    </ClCompile>
  </ItemGroup>
  <ItemGroup>
    <None Include="DXNQDecodeAsm.inl">
      <Filter>Source Files\DXTQ</Filter>
    </None>
    <None Include="DXT1QDecodeAsm.inl">
      <Filter>Source Files\DXTQ</Filter>
    </None>
    <None Include="DXT5QDecodeAsm.inl">
      <Filter>Source Files\DXTQ</Filter>
    </None>
  </ItemGroup>
  <ItemGroup>
    <CustomBuild Include="DDXDLL.h">
      <Filter>DLL</Filter>
    </CustomBuild>
  </ItemGroup>
</Project>