<?xml version="1.0" encoding="utf-8"?>
<Project ToolsVersion="4.0" xmlns="http://schemas.microsoft.com/developer/msbuild/2003">
  <ItemGroup>
    <Filter Include="AA">
      <UniqueIdentifier>{0a70b2d2-5f34-417a-9fff-2ace8e015587}</UniqueIdentifier>
    </Filter>
    <Filter Include="debugPrim">
      <UniqueIdentifier>{55a557da-7405-429d-ae52-ac51147cb5b4}</UniqueIdentifier>
    </Filter>
    <Filter Include="font">
      <UniqueIdentifier>{e58f4b65-2619-4c5d-b200-530363040be7}</UniqueIdentifier>
    </Filter>
    <Filter Include="gammaRamp">
      <UniqueIdentifier>{ded0ca6c-c87d-4931-b5fa-b80bab1b40c6}</UniqueIdentifier>
    </Filter>
    <Filter Include="lighting">
      <UniqueIdentifier>{54824c9f-c5a0-4817-8a25-6b648cb8fd86}</UniqueIdentifier>
    </Filter>
    <Filter Include="lighting\low level">
      <UniqueIdentifier>{6c508de6-74be-4a49-836f-65d975cc59dc}</UniqueIdentifier>
    </Filter>
    <Filter Include="lighting\high level">
      <UniqueIdentifier>{7d401ac4-b58b-45a6-9ec7-26ef9c8c8e6e}</UniqueIdentifier>
    </Filter>
    <Filter Include="main">
      <UniqueIdentifier>{ddcdd8b2-532e-48b1-89e9-51f6990f78de}</UniqueIdentifier>
    </Filter>
    <Filter Include="ugx">
      <UniqueIdentifier>{c4c89342-173c-47b8-9027-3567928a6586}</UniqueIdentifier>
    </Filter>
    <Filter Include="utils">
      <UniqueIdentifier>{4a635c86-d0a5-4d0c-94f3-087874e1c990}</UniqueIdentifier>
    </Filter>
    <Filter Include="worldVisibility">
      <UniqueIdentifier>{96fd1ea9-6179-4a90-ab6a-847480e5f1ae}</UniqueIdentifier>
    </Filter>
    <Filter Include="tonemap">
      <UniqueIdentifier>{aa9dd1fd-3a64-465c-bdcf-fcd4053026c0}</UniqueIdentifier>
    </Filter>
    <Filter Include="Scaleform">
      <UniqueIdentifier>{2b95d031-6f3f-485c-b211-47b4edd0f3c9}</UniqueIdentifier>
    </Filter>
    <Filter Include="gpuDXTPack">
      <UniqueIdentifier>{a62f5385-f599-4287-a354-709aabf2a1b1}</UniqueIdentifier>
    </Filter>
    <Filter Include="decal">
      <UniqueIdentifier>{bd89d86b-aa14-42ae-b318-03c4d0562985}</UniqueIdentifier>
    </Filter>
    <Filter Include="console">
      <UniqueIdentifier>{3f01d276-78ad-435a-9f8e-30876770e7d3}</UniqueIdentifier>
    </Filter>
    <Filter Include="water">
      <UniqueIdentifier>{1e40236c-a5db-47a4-9b45-aa34f6cb7129}</UniqueIdentifier>
    </Filter>
    <Filter Include="nearLayer">
      <UniqueIdentifier>{8c5a6086-9e80-4d74-9b57-96eb9d077e77}</UniqueIdentifier>
    </Filter>
    <Filter Include="bink">
      <UniqueIdentifier>{35021de4-8e52-4fde-af91-ead5bd6f5010}</UniqueIdentifier>
    </Filter>
    <Filter Include="occlusion">
      <UniqueIdentifier>{b99fe3de-7891-4de0-b7ea-6e63fe091528}</UniqueIdentifier>
    </Filter>
    <Filter Include="graph">
      <UniqueIdentifier>{7d3ecdd1-0e66-41cf-bf1d-4a41a625f823}</UniqueIdentifier>
    </Filter>
    <Filter Include="GamerPics">
      <UniqueIdentifier>{d00f76ab-7f9f-448a-8fab-cba656174707}</UniqueIdentifier>
    </Filter>
  </ItemGroup>
  <ItemGroup>
    <ClCompile Include="temporalAA.cpp">
      <Filter>AA</Filter>
    </ClCompile>
    <ClCompile Include="tiledAA.cpp">
      <Filter>AA</Filter>
    </ClCompile>
    <ClCompile Include="debugprimitives.cpp">
      <Filter>debugPrim</Filter>
    </ClCompile>
    <ClCompile Include="render2Dprimitiveutility.cpp">
      <Filter>debugPrim</Filter>
    </ClCompile>
    <ClCompile Include="renderprimitiveutility.cpp">
      <Filter>debugPrim</Filter>
    </ClCompile>
    <ClCompile Include="vectorFont.cpp">
      <Filter>debugPrim</Filter>
    </ClCompile>
    <ClCompile Include="AtgFont.cpp">
      <Filter>font</Filter>
    </ClCompile>
    <ClCompile Include="AtgResource.cpp">
      <Filter>font</Filter>
    </ClCompile>
    <ClCompile Include="AtgUtil.cpp">
      <Filter>font</Filter>
    </ClCompile>
    <ClCompile Include="debugTextDisplay.cpp">
      <Filter>font</Filter>
    </ClCompile>
    <ClCompile Include="Font2_xbox.cpp">
      <Filter>font</Filter>
    </ClCompile>
    <ClCompile Include="FontCharHashTable.cpp">
      <Filter>font</Filter>
    </ClCompile>
    <ClCompile Include="FontManager2_xbox.cpp">
      <Filter>font</Filter>
    </ClCompile>
    <ClCompile Include="gammaRamp.cpp">
      <Filter>gammaRamp</Filter>
    </ClCompile>
    <ClCompile Include="dirShadowManager.cpp">
      <Filter>lighting\low level</Filter>
    </ClCompile>
    <ClCompile Include="interestVolume.cpp">
      <Filter>lighting\low level</Filter>
    </ClCompile>
    <ClCompile Include="localShadowManager.cpp">
      <Filter>lighting\low level</Filter>
    </ClCompile>
    <ClCompile Include="sceneLightManager.cpp">
      <Filter>lighting\low level</Filter>
    </ClCompile>
    <ClCompile Include="visibleLightManager.cpp">
      <Filter>lighting\low level</Filter>
    </ClCompile>
    <ClCompile Include="lightEffect.cpp">
      <Filter>lighting\high level</Filter>
    </ClCompile>
    <ClCompile Include="lightEffectManager.cpp">
      <Filter>lighting\high level</Filter>
    </ClCompile>
    <ClCompile Include="lightVisualData.cpp">
      <Filter>lighting\high level</Filter>
    </ClCompile>
    <ClCompile Include="lightVisualInstance.cpp">
      <Filter>lighting\high level</Filter>
    </ClCompile>
    <ClCompile Include="lightVisualManager.cpp">
      <Filter>lighting\high level</Filter>
    </ClCompile>
    <ClCompile Include="configsgamerender.cpp">
      <Filter>main</Filter>
    </ClCompile>
    <ClCompile Include="render.cpp">
      <Filter>main</Filter>
    </ClCompile>
    <ClCompile Include="renderFuncs.cpp">
      <Filter>main</Filter>
    </ClCompile>
    <ClCompile Include="renderViewParams.cpp">
      <Filter>main</Filter>
    </ClCompile>
    <ClCompile Include="vertexTypes.cpp">
      <Filter>main</Filter>
    </ClCompile>
    <ClCompile Include="viewportManager.cpp">
      <Filter>main</Filter>
    </ClCompile>
    <ClCompile Include="ugxGeomData.cpp">
      <Filter>ugx</Filter>
    </ClCompile>
    <ClCompile Include="ugxGeomInstanceManager.cpp">
      <Filter>ugx</Filter>
    </ClCompile>
    <ClCompile Include="ugxGeomManager.cpp">
      <Filter>ugx</Filter>
    </ClCompile>
    <ClCompile Include="ugxGeomRender.cpp">
      <Filter>ugx</Filter>
    </ClCompile>
    <ClCompile Include="ugxGeomRenderPackedBone.cpp">
      <Filter>ugx</Filter>
    </ClCompile>
    <ClCompile Include="ugxGeomRenderTypes.cpp">
      <Filter>ugx</Filter>
    </ClCompile>
    <ClCompile Include="ugxGeomUberEffectManager.cpp">
      <Filter>ugx</Filter>
    </ClCompile>
    <ClCompile Include="ugxGeomUberSectionRenderer.cpp">
      <Filter>ugx</Filter>
    </ClCompile>
    <ClCompile Include="blurHelper.cpp">
      <Filter>utils</Filter>
    </ClCompile>
    <ClCompile Include="boundingBox.cpp">
      <Filter>utils</Filter>
    </ClCompile>
    <ClCompile Include="BoundingSphere.cpp">
      <Filter>utils</Filter>
    </ClCompile>
    <ClCompile Include="camera.cpp">
      <Filter>utils</Filter>
    </ClCompile>
    <ClCompile Include="cubemapGen.cpp">
      <Filter>utils</Filter>
    </ClCompile>
    <ClCompile Include="fatalMessageBox.cpp">
      <Filter>utils</Filter>
    </ClCompile>
    <ClCompile Include="primDraw2D.cpp">
      <Filter>utils</Filter>
    </ClCompile>
    <ClCompile Include="renderProxyManager.cpp">
      <Filter>utils</Filter>
    </ClCompile>
    <ClCompile Include="worldVisibility.cpp">
      <Filter>worldVisibility</Filter>
    </ClCompile>
    <ClCompile Include="tonemapManager.cpp">
      <Filter>tonemap</Filter>
    </ClCompile>
    <ClCompile Include="flashallocator.cpp">
      <Filter>Scaleform</Filter>
    </ClCompile>
    <ClCompile Include="flashbackgroundplayer.cpp">
      <Filter>Scaleform</Filter>
    </ClCompile>
    <ClCompile Include="flashgateway.cpp">
      <Filter>Scaleform</Filter>
    </ClCompile>
    <ClCompile Include="flashmanager.cpp">
      <Filter>Scaleform</Filter>
    </ClCompile>
    <ClCompile Include="flashminimaprenderer.cpp">
      <Filter>Scaleform</Filter>
    </ClCompile>
    <ClCompile Include="flashmovie.cpp">
      <Filter>Scaleform</Filter>
    </ClCompile>
    <ClCompile Include="flashmoviedefinition.cpp">
      <Filter>Scaleform</Filter>
    </ClCompile>
    <ClCompile Include="flashrender.cpp">
      <Filter>Scaleform</Filter>
    </ClCompile>
    <ClCompile Include="flashtexture.cpp">
      <Filter>Scaleform</Filter>
    </ClCompile>
    <ClCompile Include="flashtexturemanager.cpp">
      <Filter>Scaleform</Filter>
    </ClCompile>
    <ClCompile Include="flashtranslator.cpp">
      <Filter>Scaleform</Filter>
    </ClCompile>
    <ClCompile Include="gfxMoviePlayer.cpp">
      <Filter>Scaleform</Filter>
    </ClCompile>
    <ClCompile Include="GMemory_sys.cpp">
      <Filter>Scaleform</Filter>
    </ClCompile>
    <ClCompile Include="GRendererCommonImpl.cpp">
      <Filter>Scaleform</Filter>
    </ClCompile>
    <ClCompile Include="GRendererXbox360Impl.cpp">
      <Filter>Scaleform</Filter>
    </ClCompile>
    <ClCompile Include="miniLoadManager.cpp">
      <Filter>Scaleform</Filter>
    </ClCompile>
    <ClCompile Include="wordwrap.cpp">
      <Filter>Scaleform</Filter>
    </ClCompile>
    <ClCompile Include="gpuDXTPack.cpp">
      <Filter>gpuDXTPack</Filter>
    </ClCompile>
    <ClCompile Include="gpuDXTVideo.cpp">
      <Filter>gpuDXTPack</Filter>
    </ClCompile>
    <ClCompile Include="decalManager.cpp">
      <Filter>decal</Filter>
    </ClCompile>
    <ClCompile Include="consoleRender.cpp">
      <Filter>console</Filter>
    </ClCompile>
    <ClCompile Include="waterManager.cpp">
      <Filter>water</Filter>
    </ClCompile>
    <ClCompile Include="nearLayerManager.cpp">
      <Filter>nearLayer</Filter>
    </ClCompile>
    <ClCompile Include="binkInterface.cpp">
      <Filter>bink</Filter>
    </ClCompile>
    <ClCompile Include="..\extlib\Bink\xbox\binktextures.cpp">
      <Filter>bink</Filter>
    </ClCompile>
    <ClCompile Include="binkVideo.cpp">
      <Filter>bink</Filter>
    </ClCompile>
    <ClCompile Include="occlusion.cpp">
      <Filter>occlusion</Filter>
    </ClCompile>
    <ClCompile Include="barChart.cpp">
      <Filter>graph</Filter>
    </ClCompile>
    <ClCompile Include="graphattribs.cpp">
      <Filter>graph</Filter>
    </ClCompile>
    <ClCompile Include="graphmanager.cpp">
      <Filter>graph</Filter>
    </ClCompile>
    <ClCompile Include="graphrenderer.cpp">
      <Filter>graph</Filter>
    </ClCompile>
    <ClCompile Include="GamerPicManager.cpp">
      <Filter>GamerPics</Filter>
    </ClCompile>
    <ClCompile Include="xgameRender.cpp" />
  </ItemGroup>
  <ItemGroup>
    <ClInclude Include="temporalAA.h">
      <Filter>AA</Filter>
    </ClInclude>
    <ClInclude Include="tiledAA.h">
      <Filter>AA</Filter>
    </ClInclude>
    <ClInclude Include="debugprimitives.h">
      <Filter>debugPrim</Filter>
    </ClInclude>
    <ClInclude Include="render2Dprimitiveutility.h">
      <Filter>debugPrim</Filter>
    </ClInclude>
    <ClInclude Include="renderprimitiveutility.h">
      <Filter>debugPrim</Filter>
    </ClInclude>
    <ClInclude Include="simplexFont.h">
      <Filter>debugPrim</Filter>
    </ClInclude>
    <ClInclude Include="vectorFont.h">
      <Filter>debugPrim</Filter>
    </ClInclude>
    <ClInclude Include="AtgFont.h">
      <Filter>font</Filter>
    </ClInclude>
    <ClInclude Include="AtgResource.h">
      <Filter>font</Filter>
    </ClInclude>
    <ClInclude Include="AtgUtil.h">
      <Filter>font</Filter>
    </ClInclude>
    <ClInclude Include="debugTextDisplay.h">
      <Filter>font</Filter>
    </ClInclude>
    <ClInclude Include="Font2_xbox.h">
      <Filter>font</Filter>
    </ClInclude>
    <ClInclude Include="FontCharHashTable.h">
      <Filter>font</Filter>
    </ClInclude>
    <ClInclude Include="FontManager2_xbox.h">
      <Filter>font</Filter>
    </ClInclude>
    <ClInclude Include="FontSystem2.h">
      <Filter>font</Filter>
    </ClInclude>
    <ClInclude Include="gammaRamp.h">
      <Filter>gammaRamp</Filter>
    </ClInclude>
    <ClInclude Include="dirShadowManager.h">
      <Filter>lighting\low level</Filter>
    </ClInclude>
    <ClInclude Include="interestVolume.h">
      <Filter>lighting\low level</Filter>
    </ClInclude>
    <ClInclude Include="localShadowManager.h">
      <Filter>lighting\low level</Filter>
    </ClInclude>
    <ClInclude Include="sceneLightManager.h">
      <Filter>lighting\low level</Filter>
    </ClInclude>
    <ClInclude Include="visibleLightManager.h">
      <Filter>lighting\low level</Filter>
    </ClInclude>
    <ClInclude Include="lightData.h">
      <Filter>lighting\high level</Filter>
    </ClInclude>
    <ClInclude Include="lightEffect.h">
      <Filter>lighting\high level</Filter>
    </ClInclude>
    <ClInclude Include="lightEffectManager.h">
      <Filter>lighting\high level</Filter>
    </ClInclude>
    <ClInclude Include="lightVisualData.h">
      <Filter>lighting\high level</Filter>
    </ClInclude>
    <ClInclude Include="lightVisualInstance.h">
      <Filter>lighting\high level</Filter>
    </ClInclude>
    <ClInclude Include="lightVisualManager.h">
      <Filter>lighting\high level</Filter>
    </ClInclude>
    <ClInclude Include="configsgamerender.h">
      <Filter>main</Filter>
    </ClInclude>
    <ClInclude Include="render.h">
      <Filter>main</Filter>
    </ClInclude>
    <ClInclude Include="renderFuncs.h">
      <Filter>main</Filter>
    </ClInclude>
    <ClInclude Include="renderViewParams.h">
      <Filter>main</Filter>
    </ClInclude>
    <ClInclude Include="vertexTypes.h">
      <Filter>main</Filter>
    </ClInclude>
    <ClInclude Include="viewportManager.h">
      <Filter>main</Filter>
    </ClInclude>
    <ClInclude Include="ugxGeomData.h">
      <Filter>ugx</Filter>
    </ClInclude>
    <ClInclude Include="ugxGeomInstanceManager.h">
      <Filter>ugx</Filter>
    </ClInclude>
    <ClInclude Include="ugxGeomManager.h">
      <Filter>ugx</Filter>
    </ClInclude>
    <ClInclude Include="ugxGeomRender.h">
      <Filter>ugx</Filter>
    </ClInclude>
    <ClInclude Include="ugxGeomRenderPackedBone.h">
      <Filter>ugx</Filter>
    </ClInclude>
    <ClInclude Include="ugxGeomRenderTypes.h">
      <Filter>ugx</Filter>
    </ClInclude>
    <ClInclude Include="ugxGeomSectionRenderer.h">
      <Filter>ugx</Filter>
    </ClInclude>
    <ClInclude Include="ugxGeomUberEffectManager.h">
      <Filter>ugx</Filter>
    </ClInclude>
    <ClInclude Include="ugxGeomUberSectionRenderer.h">
      <Filter>ugx</Filter>
    </ClInclude>
    <ClInclude Include="blurHelper.h">
      <Filter>utils</Filter>
    </ClInclude>
    <ClInclude Include="boundingBox.h">
      <Filter>utils</Filter>
    </ClInclude>
    <ClInclude Include="BoundingSphere.h">
      <Filter>utils</Filter>
    </ClInclude>
    <ClInclude Include="camera.h">
      <Filter>utils</Filter>
    </ClInclude>
    <ClInclude Include="cubemapGen.h">
      <Filter>utils</Filter>
    </ClInclude>
    <ClInclude Include="fatalMessageBox.h">
      <Filter>utils</Filter>
    </ClInclude>
    <ClInclude Include="primDraw2D.h">
      <Filter>utils</Filter>
    </ClInclude>
    <ClInclude Include="renderProxyManager.h">
      <Filter>utils</Filter>
    </ClInclude>
    <ClInclude Include="worldVisibility.h">
      <Filter>worldVisibility</Filter>
    </ClInclude>
    <ClInclude Include="tonemapManager.h">
      <Filter>tonemap</Filter>
    </ClInclude>
    <ClInclude Include="flashallocator.h">
      <Filter>Scaleform</Filter>
    </ClInclude>
    <ClInclude Include="flashassetcategory.h">
      <Filter>Scaleform</Filter>
    </ClInclude>
    <ClInclude Include="flashbackgroundplayer.h">
      <Filter>Scaleform</Filter>
    </ClInclude>
    <ClInclude Include="flashgateway.h">
      <Filter>Scaleform</Filter>
    </ClInclude>
    <ClInclude Include="flashinput.h">
      <Filter>Scaleform</Filter>
    </ClInclude>
    <ClInclude Include="flashmanager.h">
      <Filter>Scaleform</Filter>
    </ClInclude>
    <ClInclude Include="flashminimaprenderer.h">
      <Filter>Scaleform</Filter>
    </ClInclude>
    <ClInclude Include="flashmovie.h">
      <Filter>Scaleform</Filter>
    </ClInclude>
    <ClInclude Include="flashmoviedefinition.h">
      <Filter>Scaleform</Filter>
    </ClInclude>
    <ClInclude Include="flashrender.h">
      <Filter>Scaleform</Filter>
    </ClInclude>
    <ClInclude Include="flashscenemanager.h">
      <Filter>Scaleform</Filter>
    </ClInclude>
    <ClInclude Include="flashtexture.h">
      <Filter>Scaleform</Filter>
    </ClInclude>
    <ClInclude Include="flashtexturemanager.h">
      <Filter>Scaleform</Filter>
    </ClInclude>
    <ClInclude Include="flashtranslator.h">
      <Filter>Scaleform</Filter>
    </ClInclude>
    <ClInclude Include="flashXFSFile.h">
      <Filter>Scaleform</Filter>
    </ClInclude>
    <ClInclude Include="gfxMoviePlayer.h">
      <Filter>Scaleform</Filter>
    </ClInclude>
    <ClInclude Include="GRendererCommonImpl.h">
      <Filter>Scaleform</Filter>
    </ClInclude>
    <ClInclude Include="GRendererXbox360.h">
      <Filter>Scaleform</Filter>
    </ClInclude>
    <ClInclude Include="miniLoadManager.h">
      <Filter>Scaleform</Filter>
    </ClInclude>
    <ClInclude Include="scaleformIncludes.h">
      <Filter>Scaleform</Filter>
    </ClInclude>
    <ClInclude Include="wordwrap.h">
      <Filter>Scaleform</Filter>
    </ClInclude>
    <ClInclude Include="gpuDXTPack.h">
      <Filter>gpuDXTPack</Filter>
    </ClInclude>
    <ClInclude Include="gpuDXTVideo.h">
      <Filter>gpuDXTPack</Filter>
    </ClInclude>
    <ClInclude Include="decalManager.h">
      <Filter>decal</Filter>
    </ClInclude>
    <ClInclude Include="consoleRender.h">
      <Filter>console</Filter>
    </ClInclude>
    <ClInclude Include="waterManager.h">
      <Filter>water</Filter>
    </ClInclude>
    <ClInclude Include="nearLayerManager.h">
      <Filter>nearLayer</Filter>
    </ClInclude>
    <ClInclude Include="binkInterface.h">
      <Filter>bink</Filter>
    </ClInclude>
    <ClInclude Include="..\extlib\Bink\xbox\binktextures.h">
      <Filter>bink</Filter>
    </ClInclude>
    <ClInclude Include="binkVideo.h">
      <Filter>bink</Filter>
    </ClInclude>
    <ClInclude Include="occlusion.h">
      <Filter>occlusion</Filter>
    </ClInclude>
    <ClInclude Include="barChart.h">
      <Filter>graph</Filter>
    </ClInclude>
    <ClInclude Include="graphattribs.h">
      <Filter>graph</Filter>
    </ClInclude>
    <ClInclude Include="graphmanager.h">
      <Filter>graph</Filter>
    </ClInclude>
    <ClInclude Include="graphrenderer.h">
      <Filter>graph</Filter>
    </ClInclude>
    <ClInclude Include="GamerPicManager.h">
      <Filter>GamerPics</Filter>
    </ClInclude>
    <ClInclude Include="xgameRender.h" />
  </ItemGroup>
</Project>