<?xml version="1.0" encoding="utf-8"?>
<Project ToolsVersion="4.0" xmlns="http://schemas.microsoft.com/developer/msbuild/2003">
  <ItemGroup>
    <Filter Include="Source Files">
      <UniqueIdentifier>{4FC737F1-C7A5-4376-A066-2A32D752A2FF}</UniqueIdentifier>
      <Extensions>cpp;c;cxx;def;odl;idl;hpj;bat;asm;asmx</Extensions>
    </Filter>
    <Filter Include="Header Files">
      <UniqueIdentifier>{93995380-89BD-4b04-88EB-625FBE52EBFB}</UniqueIdentifier>
      <Extensions>h;hpp;hxx;hm;inl;inc;xsd</Extensions>
    </Filter>
    <Filter Include="Resource Files">
      <UniqueIdentifier>{67DA6AB6-F800-4c08-8B7A-83BB121AAD01}</UniqueIdentifier>
      <Extensions>rc;ico;cur;bmp;dlg;rc2;rct;bin;rgs;gif;jpg;jpeg;jpe;resx</Extensions>
    </Filter>
  </ItemGroup>
  <ItemGroup>
    <ClCompile Include="AkDefaultLowLevelIO.cpp">
      <Filter>Source Files</Filter>
    </ClCompile>
    <ClCompile Include="CAkDefaultLowLevelIO.cpp">
      <Filter>Source Files</Filter>
    </ClCompile>
    <ClCompile Include="CAkFilePackageLowLevelIO.cpp">
      <Filter>Source Files</Filter>
    </ClCompile>
    <ClCompile Include="CAkFilePackageLUT.cpp">
      <Filter>Source Files</Filter>
    </ClCompile>
    <ClCompile Include="common.cpp">
      <Filter>Source Files</Filter>
    </ClCompile>
    <ClCompile Include="configsSound.cpp">
      <Filter>Source Files</Filter>
    </ClCompile>
    <ClCompile Include="soundmanager.cpp">
      <Filter>Source Files</Filter>
    </ClCompile>
    <ClCompile Include="xsound.cpp">
      <Filter>Source Files</Filter>
    </ClCompile>
  </ItemGroup>
  <ItemGroup>
    <ClInclude Include="AkDefaultLowLevelIO.h">
      <Filter>Header Files</Filter>
    </ClInclude>
    <ClInclude Include="CAkDefaultLowLevelIO.h">
      <Filter>Header Files</Filter>
    </ClInclude>
    <ClInclude Include="CAkFilePackageLowLevelIO.h">
      <Filter>Header Files</Filter>
    </ClInclude>
    <ClInclude Include="CAkFilePackageLUT.h">
      <Filter>Header Files</Filter>
    </ClInclude>
    <ClInclude Include="common.h">
      <Filter>Header Files</Filter>
    </ClInclude>
    <ClInclude Include="configsSound.h">
      <Filter>Header Files</Filter>
    </ClInclude>
    <ClInclude Include="soundmanager.h">
      <Filter>Header Files</Filter>
    </ClInclude>
    <ClInclude Include="Wwise_IDs.h">
      <Filter>Header Files</Filter>
    </ClInclude>
    <ClInclude Include="xsound.h">
      <Filter>Header Files</Filter>
    </ClInclude>
  </ItemGroup>
</Project>