<?xml version="1.0" encoding="utf-8"?>
<Project ToolsVersion="4.0" xmlns="http://schemas.microsoft.com/developer/msbuild/2003">
  <ItemGroup>
    <Filter Include="Etl">
      <UniqueIdentifier>{0de9206c-3dfc-462e-9628-d7962e65ced7}</UniqueIdentifier>
      <Extensions>*.hpp</Extensions>
    </Filter>
    <Filter Include="Shared">
      <UniqueIdentifier>{d940d426-a37d-4205-b65d-5c2b397717ae}</UniqueIdentifier>
    </Filter>
    <Filter Include="Shared\log">
      <UniqueIdentifier>{83bbd8c4-5725-4b6b-9ae6-7e1f4e0036e7}</UniqueIdentifier>
    </Filter>
    <Filter Include="Shared\time">
      <UniqueIdentifier>{41dc98fe-904d-4671-ad80-dfadce854939}</UniqueIdentifier>
    </Filter>
    <Filter Include="Shared\containers">
      <UniqueIdentifier>{c41f7d60-409c-49a7-a20f-f975ad8981a4}</UniqueIdentifier>
    </Filter>
    <Filter Include="Shared\image">
      <UniqueIdentifier>{215150d0-0653-4cec-bc82-35478b542e47}</UniqueIdentifier>
    </Filter>
    <Filter Include="Shared\utils">
      <UniqueIdentifier>{97df81d9-3e52-43be-a7da-89896ccb66e5}</UniqueIdentifier>
    </Filter>
    <Filter Include="Shared\math">
      <UniqueIdentifier>{f483e1e3-5647-4fb5-b8de-f34094c0a078}</UniqueIdentifier>
    </Filter>
    <Filter Include="Shared\profile">
      <UniqueIdentifier>{1fa1e847-0ddf-4847-ac6a-4c72d2156723}</UniqueIdentifier>
    </Filter>
    <Filter Include="Shared\network">
      <UniqueIdentifier>{ef09342e-9d7b-411f-8739-71a9498e6af4}</UniqueIdentifier>
    </Filter>
    <Filter Include="Shared\config">
      <UniqueIdentifier>{409730ca-8313-44f9-90a3-534cba544689}</UniqueIdentifier>
    </Filter>
    <Filter Include="Shared\fileManager">
      <UniqueIdentifier>{8dbdc933-6df3-4631-8cd5-e28ee5bbac1a}</UniqueIdentifier>
    </Filter>
    <Filter Include="Shared\debugConnection">
      <UniqueIdentifier>{bdea88ff-e687-4bed-b0ef-a7f836cdaf12}</UniqueIdentifier>
    </Filter>
    <Filter Include="Shared\360">
      <UniqueIdentifier>{d1b7568a-904c-4905-8715-aad6785b225d}</UniqueIdentifier>
    </Filter>
    <Filter Include="Shared\chunk">
      <UniqueIdentifier>{66a2eb3f-7c34-4087-bda3-13a3d737faf6}</UniqueIdentifier>
    </Filter>
    <Filter Include="Win32">
      <UniqueIdentifier>{379a83a5-9be4-4bf9-9a46-fc63faf27cd3}</UniqueIdentifier>
    </Filter>
  </ItemGroup>
  <ItemGroup>
    <ClInclude Include="Etl\Array.hpp">
      <Filter>Etl</Filter>
    </ClInclude>
    <ClInclude Include="Etl\AutoPtr.hpp">
      <Filter>Etl</Filter>
    </ClInclude>
    <ClInclude Include="Etl\AvlMap.hpp">
      <Filter>Etl</Filter>
    </ClInclude>
    <ClInclude Include="Etl\AvlTree.hpp">
      <Filter>Etl</Filter>
    </ClInclude>
    <ClInclude Include="Etl\BinaryHeap.hpp">
      <Filter>Etl</Filter>
    </ClInclude>
    <ClInclude Include="Etl\Hash.hpp">
      <Filter>Etl</Filter>
    </ClInclude>
    <ClInclude Include="Etl\HashTable.hpp">
      <Filter>Etl</Filter>
    </ClInclude>
    <ClInclude Include="Etl\Iterator.hpp">
      <Filter>Etl</Filter>
    </ClInclude>
    <ClInclude Include="Etl\List.hpp">
      <Filter>Etl</Filter>
    </ClInclude>
    <ClInclude Include="Etl\ListArray.hpp">
      <Filter>Etl</Filter>
    </ClInclude>
    <ClInclude Include="Etl\Pair.hpp">
      <Filter>Etl</Filter>
    </ClInclude>
    <ClInclude Include="Etl\PriorityQueue.hpp">
      <Filter>Etl</Filter>
    </ClInclude>
    <ClInclude Include="Etl\queue.hpp">
      <Filter>Etl</Filter>
    </ClInclude>
    <ClInclude Include="Etl\RefObj.hpp">
      <Filter>Etl</Filter>
    </ClInclude>
    <ClInclude Include="Etl\Sequence.hpp">
      <Filter>Etl</Filter>
    </ClInclude>
    <ClInclude Include="Etl\singleton.hpp">
      <Filter>Etl</Filter>
    </ClInclude>
    <ClInclude Include="Etl\SList.hpp">
      <Filter>Etl</Filter>
    </ClInclude>
    <ClInclude Include="Etl\SmartPtr.hpp">
      <Filter>Etl</Filter>
    </ClInclude>
    <ClInclude Include="Etl\Stack.hpp">
      <Filter>Etl</Filter>
    </ClInclude>
    <ClInclude Include="Etl\Support.hpp">
      <Filter>Etl</Filter>
    </ClInclude>
    <ClInclude Include="Etl\ThreadSafe.hpp">
      <Filter>Etl</Filter>
    </ClInclude>
    <ClInclude Include="xsystem.h">
      <Filter>Shared</Filter>
    </ClInclude>
    <ClInclude Include="xsystemlib.h">
      <Filter>Shared</Filter>
    </ClInclude>
    <ClInclude Include="logfile.h">
      <Filter>Shared\log</Filter>
    </ClInclude>
    <ClInclude Include="logheader.h">
      <Filter>Shared\log</Filter>
    </ClInclude>
    <ClInclude Include="logmanager.h">
      <Filter>Shared\log</Filter>
    </ClInclude>
    <ClInclude Include="WindowsTimer.h">
      <Filter>Shared\time</Filter>
    </ClInclude>
    <ClInclude Include="xsystemtimegettime.h">
      <Filter>Shared\time</Filter>
    </ClInclude>
    <ClInclude Include="Array.h">
      <Filter>Shared\containers</Filter>
    </ClInclude>
    <ClInclude Include="bitarray.h">
      <Filter>Shared\containers</Filter>
    </ClInclude>
    <ClInclude Include="bitquadtree.h">
      <Filter>Shared\containers</Filter>
    </ClInclude>
    <ClInclude Include="bitvector.h">
      <Filter>Shared\containers</Filter>
    </ClInclude>
    <ClInclude Include="CopyList.h">
      <Filter>Shared\containers</Filter>
    </ClInclude>
    <ClInclude Include="DataSet.h">
      <Filter>Shared\containers</Filter>
    </ClInclude>
    <ClInclude Include="DynamicSpace.h">
      <Filter>Shared\containers</Filter>
    </ClInclude>
    <ClInclude Include="GameStrings.h">
      <Filter>Shared\containers</Filter>
    </ClInclude>
    <ClInclude Include="loadindextable.h">
      <Filter>Shared\containers</Filter>
    </ClInclude>
    <ClInclude Include="ObjectPool.h">
      <Filter>Shared\containers</Filter>
    </ClInclude>
    <ClInclude Include="poolable.h">
      <Filter>Shared\containers</Filter>
    </ClInclude>
    <ClInclude Include="Set.h">
      <Filter>Shared\containers</Filter>
    </ClInclude>
    <ClInclude Include="Settings.h">
      <Filter>Shared\containers</Filter>
    </ClInclude>
    <ClInclude Include="Stack.h">
      <Filter>Shared\containers</Filter>
    </ClInclude>
    <ClInclude Include="StringSpace.h">
      <Filter>Shared\containers</Filter>
    </ClInclude>
    <ClInclude Include="symboltable.h">
      <Filter>Shared\containers</Filter>
    </ClInclude>
    <ClInclude Include="utparray.h">
      <Filter>Shared\containers</Filter>
    </ClInclude>
    <ClInclude Include="color.h">
      <Filter>Shared\image</Filter>
    </ClInclude>
    <ClInclude Include="LineStepForward.h">
      <Filter>Shared\image</Filter>
    </ClInclude>
    <ClInclude Include="ScanConversion.h">
      <Filter>Shared\image</Filter>
    </ClInclude>
    <ClInclude Include="ScanLine.h">
      <Filter>Shared\image</Filter>
    </ClInclude>
    <ClInclude Include="ScanPolygon.h">
      <Filter>Shared\image</Filter>
    </ClInclude>
    <ClInclude Include="autoptr.h">
      <Filter>Shared\utils</Filter>
    </ClInclude>
    <ClInclude Include="bitpacker.h">
      <Filter>Shared\utils</Filter>
    </ClInclude>
    <ClInclude Include="couple.h">
      <Filter>Shared\utils</Filter>
    </ClInclude>
    <ClInclude Include="CritSection.h">
      <Filter>Shared\utils</Filter>
    </ClInclude>
    <ClInclude Include="Event.h">
      <Filter>Shared\utils</Filter>
    </ClInclude>
    <ClInclude Include="GarbageCollected.h">
      <Filter>Shared\utils</Filter>
    </ClInclude>
    <ClInclude Include="LineBreak.h">
      <Filter>Shared\utils</Filter>
    </ClInclude>
    <ClInclude Include="Lock.h">
      <Filter>Shared\utils</Filter>
    </ClInclude>
    <ClInclude Include="msodw.h">
      <Filter>Shared\utils</Filter>
    </ClInclude>
    <ClInclude Include="PropertyDefs.h">
      <Filter>Shared\utils</Filter>
    </ClInclude>
    <ClInclude Include="radixsorter.h">
      <Filter>Shared\utils</Filter>
    </ClInclude>
    <ClInclude Include="regex.h">
      <Filter>Shared\utils</Filter>
    </ClInclude>
    <ClInclude Include="Regexp.h">
      <Filter>Shared\utils</Filter>
    </ClInclude>
    <ClInclude Include="resourcecache.h">
      <Filter>Shared\utils</Filter>
    </ClInclude>
    <ClInclude Include="Semaphore.h">
      <Filter>Shared\utils</Filter>
    </ClInclude>
    <ClInclude Include="stringtoidmap.h">
      <Filter>Shared\utils</Filter>
    </ClInclude>
    <ClInclude Include="systeminfo.h">
      <Filter>Shared\utils</Filter>
    </ClInclude>
    <ClInclude Include="Thread.h">
      <Filter>Shared\utils</Filter>
    </ClInclude>
    <ClInclude Include="typedid.h">
      <Filter>Shared\utils</Filter>
    </ClInclude>
    <ClInclude Include="uiupdatecallback.h">
      <Filter>Shared\utils</Filter>
    </ClInclude>
    <ClInclude Include="utilities.h">
      <Filter>Shared\utils</Filter>
    </ClInclude>
    <ClInclude Include="watermark.h">
      <Filter>Shared\utils</Filter>
    </ClInclude>
    <ClInclude Include="xmlwriter.h">
      <Filter>Shared\utils</Filter>
    </ClInclude>
    <ClInclude Include="bezier.h">
      <Filter>Shared\math</Filter>
    </ClInclude>
    <ClInclude Include="clip2d.h">
      <Filter>Shared\math</Filter>
    </ClInclude>
    <ClInclude Include="Clock.h">
      <Filter>Shared\math</Filter>
    </ClInclude>
    <ClInclude Include="convexhull.h">
      <Filter>Shared\math</Filter>
    </ClInclude>
    <ClInclude Include="convexpolyhedron.h">
      <Filter>Shared\math</Filter>
    </ClInclude>
    <ClInclude Include="fpuprecision.h">
      <Filter>Shared\math</Filter>
    </ClInclude>
    <ClInclude Include="interptable.h">
      <Filter>Shared\math</Filter>
    </ClInclude>
    <ClInclude Include="leastsquareslinefitter.h">
      <Filter>Shared\math</Filter>
    </ClInclude>
    <ClInclude Include="mathutil.h">
      <Filter>Shared\math</Filter>
    </ClInclude>
    <ClInclude Include="noise.h">
      <Filter>Shared\math</Filter>
    </ClInclude>
    <ClInclude Include="plane.h">
      <Filter>Shared\math</Filter>
    </ClInclude>
    <ClInclude Include="pluecker.h">
      <Filter>Shared\math</Filter>
    </ClInclude>
    <ClInclude Include="point.h">
      <Filter>Shared\math</Filter>
    </ClInclude>
    <ClInclude Include="pointin.h">
      <Filter>Shared\math</Filter>
    </ClInclude>
    <ClInclude Include="position.h">
      <Filter>Shared\math</Filter>
    </ClInclude>
    <ClInclude Include="Quaternion.h">
      <Filter>Shared\math</Filter>
    </ClInclude>
    <ClInclude Include="random.h">
      <Filter>Shared\math</Filter>
    </ClInclude>
    <ClInclude Include="segintersect.h">
      <Filter>Shared\math</Filter>
    </ClInclude>
    <ClInclude Include="simplequaternion.h">
      <Filter>Shared\math</Filter>
    </ClInclude>
    <ClInclude Include="SphereCoord.h">
      <Filter>Shared\math</Filter>
    </ClInclude>
    <ClInclude Include="tilecoordinates.h">
      <Filter>Shared\math</Filter>
    </ClInclude>
    <ClInclude Include="universalcodes.h">
      <Filter>Shared\math</Filter>
    </ClInclude>
    <ClInclude Include="vectorline.h">
      <Filter>Shared\math</Filter>
    </ClInclude>
    <ClInclude Include="eperfenum.h">
      <Filter>Shared\profile</Filter>
    </ClInclude>
    <ClInclude Include="perf.h">
      <Filter>Shared\profile</Filter>
    </ClInclude>
    <ClInclude Include="rangecoder.h">
      <Filter>Shared\profile</Filter>
    </ClInclude>
    <ClInclude Include="RemoteProfiler.h">
      <Filter>Shared\profile</Filter>
    </ClInclude>
    <ClInclude Include="remoteToolsHost.h">
      <Filter>Shared\profile</Filter>
    </ClInclude>
    <ClInclude Include="dataentry.h">
      <Filter>Shared\network</Filter>
    </ClInclude>
    <ClInclude Include="Info.h">
      <Filter>Shared\network</Filter>
    </ClInclude>
    <ClInclude Include="netutil.h">
      <Filter>Shared\network</Filter>
    </ClInclude>
    <ClInclude Include="SerialObject.h">
      <Filter>Shared\network</Filter>
    </ClInclude>
    <ClInclude Include="SerialReader.h">
      <Filter>Shared\network</Filter>
    </ClInclude>
    <ClInclude Include="SerialWriter.h">
      <Filter>Shared\network</Filter>
    </ClInclude>
    <ClInclude Include="config.h">
      <Filter>Shared\config</Filter>
    </ClInclude>
    <ClInclude Include="econfigenum.h">
      <Filter>Shared\config</Filter>
    </ClInclude>
    <ClInclude Include="asyncFileLoader.h">
      <Filter>Shared\fileManager</Filter>
    </ClInclude>
    <ClInclude Include="asyncFileManager.h">
      <Filter>Shared\fileManager</Filter>
    </ClInclude>
    <ClInclude Include="bfileStream.h">
      <Filter>Shared\fileManager</Filter>
    </ClInclude>
    <ClInclude Include="buffercache.h">
      <Filter>Shared\fileManager</Filter>
    </ClInclude>
    <ClInclude Include="contentfile.h">
      <Filter>Shared\fileManager</Filter>
    </ClInclude>
    <ClInclude Include="ContentFileManager.h">
      <Filter>Shared\fileManager</Filter>
    </ClInclude>
    <ClInclude Include="ContentReader.h">
      <Filter>Shared\fileManager</Filter>
    </ClInclude>
    <ClInclude Include="ContentWriter.h">
      <Filter>Shared\fileManager</Filter>
    </ClInclude>
    <ClInclude Include="file.h">
      <Filter>Shared\fileManager</Filter>
    </ClInclude>
    <ClInclude Include="fileCache.h">
      <Filter>Shared\fileManager</Filter>
    </ClInclude>
    <ClInclude Include="FileManager.h">
      <Filter>Shared\fileManager</Filter>
    </ClInclude>
    <ClInclude Include="fileSystem.h">
      <Filter>Shared\fileManager</Filter>
    </ClInclude>
    <ClInclude Include="fileUtils.h">
      <Filter>Shared\fileManager</Filter>
    </ClInclude>
    <ClInclude Include="overlapped.h">
      <Filter>Shared\fileManager</Filter>
    </ClInclude>
    <ClInclude Include="reloadManager.h">
      <Filter>Shared\fileManager</Filter>
    </ClInclude>
    <ClInclude Include="workdirsetup.h">
      <Filter>Shared\fileManager</Filter>
    </ClInclude>
    <ClInclude Include="xfs.h">
      <Filter>Shared\fileManager</Filter>
    </ClInclude>
    <ClInclude Include="debugConnection.h">
      <Filter>Shared\debugConnection</Filter>
    </ClInclude>
    <ClInclude Include="AsyncTaskManager.h">
      <Filter>Shared\360</Filter>
    </ClInclude>
    <ClInclude Include="notification.h">
      <Filter>Shared\360</Filter>
    </ClInclude>
    <ClInclude Include="chunker.h">
      <Filter>Shared\chunk</Filter>
    </ClInclude>
    <ClInclude Include="chunkreader.h">
      <Filter>Shared\chunk</Filter>
    </ClInclude>
    <ClInclude Include="chunkwriter.h">
      <Filter>Shared\chunk</Filter>
    </ClInclude>
    <ClInclude Include="gamefilemacros.h">
      <Filter>Shared\chunk</Filter>
    </ClInclude>
    <ClInclude Include="strsafe.h">
      <Filter>Win32</Filter>
    </ClInclude>
    <ClInclude Include="Win32Registry.h">
      <Filter>Win32</Filter>
    </ClInclude>
    <ClInclude Include="debugchannel.h" />
  </ItemGroup>
  <ItemGroup>
    <ClCompile Include="xsystem.cpp">
      <Filter>Shared</Filter>
    </ClCompile>
    <ClCompile Include="xsystemGlobalObjects.cpp">
      <Filter>Shared</Filter>
    </ClCompile>
    <ClCompile Include="xsystemlib.cpp">
      <Filter>Shared</Filter>
    </ClCompile>
    <ClCompile Include="logmanager.cpp">
      <Filter>Shared\log</Filter>
    </ClCompile>
    <ClCompile Include="WindowsTimer.cpp">
      <Filter>Shared\time</Filter>
    </ClCompile>
    <ClCompile Include="xsystemtimegettime.cpp">
      <Filter>Shared\time</Filter>
    </ClCompile>
    <ClCompile Include="bitarray.cpp">
      <Filter>Shared\containers</Filter>
    </ClCompile>
    <ClCompile Include="bitquadtree.cpp">
      <Filter>Shared\containers</Filter>
    </ClCompile>
    <ClCompile Include="DataSet.cpp">
      <Filter>Shared\containers</Filter>
    </ClCompile>
    <ClCompile Include="DynamicSpace.cpp">
      <Filter>Shared\containers</Filter>
    </ClCompile>
    <ClCompile Include="GameStrings.cpp">
      <Filter>Shared\containers</Filter>
    </ClCompile>
    <ClCompile Include="loadindextable.cpp">
      <Filter>Shared\containers</Filter>
    </ClCompile>
    <ClCompile Include="Settings.cpp">
      <Filter>Shared\containers</Filter>
    </ClCompile>
    <ClCompile Include="symboltable.cpp">
      <Filter>Shared\containers</Filter>
    </ClCompile>
    <ClCompile Include="color.cpp">
      <Filter>Shared\image</Filter>
    </ClCompile>
    <ClCompile Include="LineStepForward.cpp">
      <Filter>Shared\image</Filter>
    </ClCompile>
    <ClCompile Include="ScanLine.cpp">
      <Filter>Shared\image</Filter>
    </ClCompile>
    <ClCompile Include="ScanPolygon.cpp">
      <Filter>Shared\image</Filter>
    </ClCompile>
    <ClCompile Include="Event.cpp">
      <Filter>Shared\utils</Filter>
    </ClCompile>
    <ClCompile Include="GarbageCollected.cpp">
      <Filter>Shared\utils</Filter>
    </ClCompile>
    <ClCompile Include="LineBreak.cpp">
      <Filter>Shared\utils</Filter>
    </ClCompile>
    <ClCompile Include="Lock.cpp">
      <Filter>Shared\utils</Filter>
    </ClCompile>
    <ClCompile Include="radixsorter.cpp">
      <Filter>Shared\utils</Filter>
    </ClCompile>
    <ClCompile Include="regex.cpp">
      <Filter>Shared\utils</Filter>
    </ClCompile>
    <ClCompile Include="resourcecache.cpp">
      <Filter>Shared\utils</Filter>
    </ClCompile>
    <ClCompile Include="Semaphore.cpp">
      <Filter>Shared\utils</Filter>
    </ClCompile>
    <ClCompile Include="stringtoidmap.cpp">
      <Filter>Shared\utils</Filter>
    </ClCompile>
    <ClCompile Include="systeminfo.cpp">
      <Filter>Shared\utils</Filter>
    </ClCompile>
    <ClCompile Include="Thread.cpp">
      <Filter>Shared\utils</Filter>
    </ClCompile>
    <ClCompile Include="typedid.cpp">
      <Filter>Shared\utils</Filter>
    </ClCompile>
    <ClCompile Include="utilities.cpp">
      <Filter>Shared\utils</Filter>
    </ClCompile>
    <ClCompile Include="watermark.cpp">
      <Filter>Shared\utils</Filter>
    </ClCompile>
    <ClCompile Include="xmlwriter.cpp">
      <Filter>Shared\utils</Filter>
    </ClCompile>
    <ClCompile Include="bezier.cpp">
      <Filter>Shared\math</Filter>
    </ClCompile>
    <ClCompile Include="clip2d.cpp">
      <Filter>Shared\math</Filter>
    </ClCompile>
    <ClCompile Include="Clock.cpp">
      <Filter>Shared\math</Filter>
    </ClCompile>
    <ClCompile Include="convexhull.cpp">
      <Filter>Shared\math</Filter>
    </ClCompile>
    <ClCompile Include="convexpolyhedron.cpp">
      <Filter>Shared\math</Filter>
    </ClCompile>
    <ClCompile Include="interptable.cpp">
      <Filter>Shared\math</Filter>
    </ClCompile>
    <ClCompile Include="mathutil.cpp">
      <Filter>Shared\math</Filter>
    </ClCompile>
    <ClCompile Include="noise.cpp">
      <Filter>Shared\math</Filter>
    </ClCompile>
    <ClCompile Include="plane.cpp">
      <Filter>Shared\math</Filter>
    </ClCompile>
    <ClCompile Include="point.cpp">
      <Filter>Shared\math</Filter>
    </ClCompile>
    <ClCompile Include="pointin.cpp">
      <Filter>Shared\math</Filter>
    </ClCompile>
    <ClCompile Include="position.cpp">
      <Filter>Shared\math</Filter>
    </ClCompile>
    <ClCompile Include="random.cpp">
      <Filter>Shared\math</Filter>
    </ClCompile>
    <ClCompile Include="segintersect.cpp">
      <Filter>Shared\math</Filter>
    </ClCompile>
    <ClCompile Include="simplequaternion.cpp">
      <Filter>Shared\math</Filter>
    </ClCompile>
    <ClCompile Include="SphereCoord.cpp">
      <Filter>Shared\math</Filter>
    </ClCompile>
    <ClCompile Include="vectorline.cpp">
      <Filter>Shared\math</Filter>
    </ClCompile>
    <ClCompile Include="eperfenum.cpp">
      <Filter>Shared\profile</Filter>
    </ClCompile>
    <ClCompile Include="perf.cpp">
      <Filter>Shared\profile</Filter>
    </ClCompile>
    <ClCompile Include="RemoteProfiler.cpp">
      <Filter>Shared\profile</Filter>
    </ClCompile>
    <ClCompile Include="remoteToolsHost.cpp">
      <Filter>Shared\profile</Filter>
    </ClCompile>
    <ClCompile Include="timelineprofiler.cpp">
      <Filter>Shared\profile</Filter>
    </ClCompile>
    <ClCompile Include="dataentry.cpp">
      <Filter>Shared\network</Filter>
    </ClCompile>
    <ClCompile Include="Info.cpp">
      <Filter>Shared\network</Filter>
    </ClCompile>
    <ClCompile Include="netutil.cpp">
      <Filter>Shared\network</Filter>
    </ClCompile>
    <ClCompile Include="config.cpp">
      <Filter>Shared\config</Filter>
    </ClCompile>
    <ClCompile Include="econfigenum.cpp">
      <Filter>Shared\config</Filter>
    </ClCompile>
    <ClCompile Include="asyncFileLoader.cpp">
      <Filter>Shared\fileManager</Filter>
    </ClCompile>
    <ClCompile Include="asyncFileManager.cpp">
      <Filter>Shared\fileManager</Filter>
    </ClCompile>
    <ClCompile Include="bfileStream.cpp">
      <Filter>Shared\fileManager</Filter>
    </ClCompile>
    <ClCompile Include="buffercache.cpp">
      <Filter>Shared\fileManager</Filter>
    </ClCompile>
    <ClCompile Include="contentfile.cpp">
      <Filter>Shared\fileManager</Filter>
    </ClCompile>
    <ClCompile Include="ContentFileManager.cpp">
      <Filter>Shared\fileManager</Filter>
    </ClCompile>
    <ClCompile Include="ContentReader.cpp">
      <Filter>Shared\fileManager</Filter>
    </ClCompile>
    <ClCompile Include="ContentWriter.cpp">
      <Filter>Shared\fileManager</Filter>
    </ClCompile>
    <ClCompile Include="file.cpp">
      <Filter>Shared\fileManager</Filter>
    </ClCompile>
    <ClCompile Include="fileCache.cpp">
      <Filter>Shared\fileManager</Filter>
    </ClCompile>
    <ClCompile Include="FileManager.cpp">
      <Filter>Shared\fileManager</Filter>
    </ClCompile>
    <ClCompile Include="fileUtils.cpp">
      <Filter>Shared\fileManager</Filter>
    </ClCompile>
    <ClCompile Include="overlapped.cpp">
      <Filter>Shared\fileManager</Filter>
    </ClCompile>
    <ClCompile Include="reloadManager.cpp">
      <Filter>Shared\fileManager</Filter>
    </ClCompile>
    <ClCompile Include="workdirsetup.cpp">
      <Filter>Shared\fileManager</Filter>
    </ClCompile>
    <ClCompile Include="xfs.cpp">
      <Filter>Shared\fileManager</Filter>
    </ClCompile>
    <ClCompile Include="debugConnection.cpp">
      <Filter>Shared\debugConnection</Filter>
    </ClCompile>
    <ClCompile Include="AsyncTaskManager.cpp">
      <Filter>Shared\360</Filter>
    </ClCompile>
    <ClCompile Include="notification.cpp">
      <Filter>Shared\360</Filter>
    </ClCompile>
    <ClCompile Include="chunkreader.cpp">
      <Filter>Shared\chunk</Filter>
    </ClCompile>
    <ClCompile Include="chunkwriter.cpp">
      <Filter>Shared\chunk</Filter>
    </ClCompile>
    <ClCompile Include="gamefilemacros.cpp">
      <Filter>Shared\chunk</Filter>
    </ClCompile>
    <ClCompile Include="Win32registry.cpp">
      <Filter>Win32</Filter>
    </ClCompile>
    <ClCompile Include="debugchannel.cpp" />
  </ItemGroup>
  <ItemGroup>
    <None Include="Array.inl">
      <Filter>Shared\containers</Filter>
    </None>
    <None Include="bitvector.inl">
      <Filter>Shared\containers</Filter>
    </None>
    <None Include="CopyList.inl">
      <Filter>Shared\containers</Filter>
    </None>
    <None Include="ObjectPool.inl">
      <Filter>Shared\containers</Filter>
    </None>
    <None Include="Set.inl">
      <Filter>Shared\containers</Filter>
    </None>
    <None Include="Stack.inl">
      <Filter>Shared\containers</Filter>
    </None>
    <None Include="utilities.inl">
      <Filter>Shared\utils</Filter>
    </None>
    <None Include="mathutil.inl">
      <Filter>Shared\math</Filter>
    </None>
    <None Include="fileManager.inl">
      <Filter>Shared\fileManager</Filter>
    </None>
  </ItemGroup>
  <ItemGroup>
    <CustomBuild Include="timelineprofiler.h">
      <Filter>Shared\profile</Filter>
    </CustomBuild>
    <CustomBuild Include="timelineprofilersample.h">
      <Filter>Shared\profile</Filter>
    </CustomBuild>
    <CustomBuild Include="timelinesamplecodec.h">
      <Filter>Shared\profile</Filter>
    </CustomBuild>
    <CustomBuild Include="timelinesamplecodec.inl">
      <Filter>Shared\profile</Filter>
    </CustomBuild>
  </ItemGroup>
</Project>