<?xml version="1.0" encoding="utf-8"?>
<Project ToolsVersion="4.0" xmlns="http://schemas.microsoft.com/developer/msbuild/2003">
  <ItemGroup>
    <Filter Include="Project Files">
      <UniqueIdentifier>{8070b025-f828-4894-be71-e01a06bd32d4}</UniqueIdentifier>
    </Filter>
  </ItemGroup>
  <ItemGroup>
    <None Include="packages.config">
      <Filter>Project Files</Filter>
    </None>
  </ItemGroup>
  <ItemGroup>
    <ClCompile Include="DDSTextureLoader.cpp" />
    <ClCompile Include="DescriptorHeap.cpp" />
    <ClCompile Include="GpuBuffer.cpp" />
    <ClCompile Include="GraphicsCommon.cpp" />
    <ClCompile Include="GraphicsCore.cpp" />
    <ClCompile Include="NeuronClient.cpp" />
    <ClCompile Include="pch.cpp" />
    <ClCompile Include="PipelineState.cpp" />
    <ClCompile Include="ResourceStateTracker.cpp" />
    <ClCompile Include="RootSignature.cpp" />
    <ClCompile Include="SamplerManager.cpp" />
  </ItemGroup>
  <ItemGroup>
    <ClInclude Include="Audio.h" />
    <ClInclude Include="Color.h" />
    <ClInclude Include="d3dx12.h" />
    <ClInclude Include="DDSTextureLoader.h" />
    <ClInclude Include="DescriptorHeap.h" />
    <ClInclude Include="DirectXHelper.h" />
    <ClInclude Include="GameMain.h" />
    <ClInclude Include="GpuBuffer.h" />
    <ClInclude Include="GpuResource.h" />
    <ClInclude Include="GraphicsCommon.h" />
    <ClInclude Include="GraphicsCore.h" />
    <ClInclude Include="NeuronClient.h" />
    <ClInclude Include="pch.h" />
    <ClInclude Include="PipelineState.h" />
    <ClInclude Include="PixProfiler.h" />
    <ClInclude Include="ResourceStateTracker.h" />
    <ClInclude Include="RootSignature.h" />
    <ClInclude Include="SamplerManager.h" />
    <ClInclude Include="Strings.h" />
    <ClInclude Include="VertexTypes.h" />
  </ItemGroup>
</Project>