<?xml version="1.0" encoding="utf-8"?>
<Project ToolsVersion="4.0" xmlns="http://schemas.microsoft.com/developer/msbuild/2003">
  <ItemGroup>
    <ClCompile Include="Camera.cpp" />
    <ClCompile Include="NeuronClient.cpp" />
    <ClCompile Include="pch.cpp" />
    <ClCompile Include="Strings.cpp" />
    <ClCompile Include="WAVFileReader.cpp">
      <Filter>Audio</Filter>
    </ClCompile>
    <ClCompile Include="DescriptorHeap.cpp">
      <Filter>Graphics</Filter>
    </ClCompile>
    <ClCompile Include="GpuBuffer.cpp">
      <Filter>Graphics</Filter>
    </ClCompile>
    <ClCompile Include="GraphicsCommon.cpp">
      <Filter>Graphics</Filter>
    </ClCompile>
    <ClCompile Include="GraphicsCore.cpp">
      <Filter>Graphics</Filter>
    </ClCompile>
    <ClCompile Include="PipelineState.cpp">
      <Filter>Graphics</Filter>
    </ClCompile>
    <ClCompile Include="ResourceStateTracker.cpp">
      <Filter>Graphics</Filter>
    </ClCompile>
    <ClCompile Include="RootSignature.cpp">
      <Filter>Graphics</Filter>
    </ClCompile>
    <ClCompile Include="SamplerManager.cpp">
      <Filter>Graphics</Filter>
    </ClCompile>
    <ClCompile Include="AudioCore.cpp">
      <Filter>Audio</Filter>
    </ClCompile>
    <ClCompile Include="Texture.cpp" />
    <ClCompile Include="TextureManager.cpp" />
    <ClCompile Include="DDSTextureLoader.cpp">
      <Filter>Graphics</Filter>
    </ClCompile>
    <ClCompile Include="ClientNet.cpp" />
    <ClCompile Include="SkyBox.cpp" />
    <ClCompile Include="BitmapFont.cpp">
      <Filter>Canvas</Filter>
    </ClCompile>
    <ClCompile Include="Canvas.cpp">
      <Filter>Canvas</Filter>
    </ClCompile>
    <ClCompile Include="CanvasWindow.cpp">
      <Filter>Canvas</Filter>
    </ClCompile>
  </ItemGroup>
  <ItemGroup>
    <ClInclude Include="Camera.h" />
    <ClInclude Include="GameMain.h" />
    <ClInclude Include="NeuronClient.h" />
    <ClInclude Include="pch.h" />
    <ClInclude Include="Strings.h" />
    <ClInclude Include="WAVFileReader.h">
      <Filter>Audio</Filter>
    </ClInclude>
    <ClInclude Include="d3dx12.h">
      <Filter>Graphics</Filter>
    </ClInclude>
    <ClInclude Include="Color.h">
      <Filter>Graphics</Filter>
    </ClInclude>
    <ClInclude Include="DescriptorHeap.h">
      <Filter>Graphics</Filter>
    </ClInclude>
    <ClInclude Include="DirectXHelper.h">
      <Filter>Graphics</Filter>
    </ClInclude>
    <ClInclude Include="GpuBuffer.h">
      <Filter>Graphics</Filter>
    </ClInclude>
    <ClInclude Include="GpuResource.h">
      <Filter>Graphics</Filter>
    </ClInclude>
    <ClInclude Include="GraphicsCommon.h">
      <Filter>Graphics</Filter>
    </ClInclude>
    <ClInclude Include="GraphicsCore.h">
      <Filter>Graphics</Filter>
    </ClInclude>
    <ClInclude Include="PipelineState.h">
      <Filter>Graphics</Filter>
    </ClInclude>
    <ClInclude Include="PixProfiler.h">
      <Filter>Graphics</Filter>
    </ClInclude>
    <ClInclude Include="RootSignature.h">
      <Filter>Graphics</Filter>
    </ClInclude>
    <ClInclude Include="ResourceStateTracker.h">
      <Filter>Graphics</Filter>
    </ClInclude>
    <ClInclude Include="SamplerManager.h">
      <Filter>Graphics</Filter>
    </ClInclude>
    <ClInclude Include="VertexTypes.h">
      <Filter>Graphics</Filter>
    </ClInclude>
    <ClInclude Include="AudioCore.h">
      <Filter>Audio</Filter>
    </ClInclude>
    <ClInclude Include="SoundEffect.h">
      <Filter>Audio</Filter>
    </ClInclude>
    <ClInclude Include="Texture.h" />
    <ClInclude Include="TextureManager.h" />
    <ClInclude Include="DDSTextureLoader.h">
      <Filter>Graphics</Filter>
    </ClInclude>
    <ClInclude Include="ClientNet.h" />
    <ClInclude Include="SkyBox.h" />
    <ClInclude Include="BitmapFont.h">
      <Filter>Canvas</Filter>
    </ClInclude>
    <ClInclude Include="Canvas.h">
      <Filter>Canvas</Filter>
    </ClInclude>
    <ClInclude Include="GuiWindow.h">
      <Filter>Canvas</Filter>
    </ClInclude>
  </ItemGroup>
  <ItemGroup>
    <Filter Include="Project Files">
      <UniqueIdentifier>{0f46989a-59e5-43fb-896e-b4f8e6c0743a}</UniqueIdentifier>
    </Filter>
    <Filter Include="Audio">
      <UniqueIdentifier>{4c2af77f-a082-4fd8-a7b9-1fb1460df178}</UniqueIdentifier>
    </Filter>
    <Filter Include="Graphics">
      <UniqueIdentifier>{3553d1bf-3c60-44b9-9140-e6b4fe7c3f84}</UniqueIdentifier>
    </Filter>
    <Filter Include="Canvas">
      <UniqueIdentifier>{a244c99a-ec43-40c4-a8d5-fc8b5e5a4f42}</UniqueIdentifier>
    </Filter>
    <Filter Include="Shaders">
      <UniqueIdentifier>{7938d3b2-8bf2-4966-a300-93064229b35b}</UniqueIdentifier>
    </Filter>
  </ItemGroup>
  <ItemGroup>
    <None Include="packages.config">
      <Filter>Project Files</Filter>
    </None>
  </ItemGroup>
  <ItemGroup>
    <Natvis Include="$(MSBuildThisFileDirectory)..\..\natvis\wil.natstepfilter">
      <Filter>Project Files</Filter>
    </Natvis>
    <Natvis Include="$(MSBuildThisFileDirectory)..\..\natvis\wil.natvis">
      <Filter>Project Files</Filter>
    </Natvis>
  </ItemGroup>
  <ItemGroup>
    <FxCompile Include="Shaders\SkyBoxPS.hlsl">
      <Filter>Shaders</Filter>
    </FxCompile>
    <FxCompile Include="Shaders\SkyBoxVS.hlsl">
      <Filter>Shaders</Filter>
    </FxCompile>
    <FxCompile Include="Shaders\CanvasPS.hlsl">
      <Filter>Shaders</Filter>
    </FxCompile>
    <FxCompile Include="Shaders\CanvasVS.hlsl">
      <Filter>Shaders</Filter>
    </FxCompile>
  </ItemGroup>
</Project>