<?xml version="1.0" encoding="utf-8"?>
<Project ToolsVersion="4.0" xmlns="http://schemas.microsoft.com/developer/msbuild/2003">
  <ItemGroup>
    <Filter Include="Communication">
      <UniqueIdentifier>{00dea785-259a-42f0-ba24-1fb99c80b80e}</UniqueIdentifier>
    </Filter>
    <Filter Include="Socket">
      <UniqueIdentifier>{80e5c0f8-cec5-4f1d-9df3-25b2794bacdc}</UniqueIdentifier>
    </Filter>
    <Filter Include="Socket\Socks">
      <UniqueIdentifier>{e52da24f-aa2f-4d9c-a55b-a39c1a4b35d4}</UniqueIdentifier>
    </Filter>
  </ItemGroup>
  <ItemGroup>
    <ClCompile Include="Connection.cpp">
      <Filter>Communication</Filter>
    </ClCompile>
    <ClCompile Include="ReliableConnection.cpp">
      <Filter>Communication</Filter>
    </ClCompile>
    <ClCompile Include="LoopbackSocket.cpp">
      <Filter>Socket</Filter>
    </ClCompile>
    <ClCompile Include="Packet.cpp">
      <Filter>Socket</Filter>
    </ClCompile>
    <ClCompile Include="Socket.cpp">
      <Filter>Socket</Filter>
    </ClCompile>
    <ClCompile Include="SocksGameSocket.cpp">
      <Filter>Socket\Socks</Filter>
    </ClCompile>
    <ClCompile Include="SocksHelper.cpp">
      <Filter>Socket\Socks</Filter>
    </ClCompile>
    <ClCompile Include="SocksListener.cpp">
      <Filter>Socket\Socks</Filter>
    </ClCompile>
    <ClCompile Include="SocksMapper.cpp">
      <Filter>Socket\Socks</Filter>
    </ClCompile>
    <ClCompile Include="SocksReliableSocket.cpp">
      <Filter>Socket\Socks</Filter>
    </ClCompile>
    <ClCompile Include="SocksSocketBase.cpp">
      <Filter>Socket\Socks</Filter>
    </ClCompile>
    <ClCompile Include="SocksUnreliableSocket.cpp">
      <Filter>Socket\Socks</Filter>
    </ClCompile>
    <ClCompile Include="UDP360Connection.cpp">
      <Filter>Socket\Socks</Filter>
    </ClCompile>
    <ClCompile Include="UDP360Socket.cpp">
      <Filter>Socket\Socks</Filter>
    </ClCompile>
    <ClCompile Include="XStreamConnection.cpp">
      <Filter>Socket\Socks</Filter>
    </ClCompile>
    <ClCompile Include="AddressGrabber.cpp" />
    <ClCompile Include="Channel.cpp" />
    <ClCompile Include="client.cpp" />
    <ClCompile Include="commheaders.cpp" />
    <ClCompile Include="commlog.cpp" />
    <ClCompile Include="datastream.cpp" />
    <ClCompile Include="filestream.cpp" />
    <ClCompile Include="filetransfermgr.cpp" />
    <ClCompile Include="Listener.cpp" />
    <ClCompile Include="NetPackets.cpp" />
    <ClCompile Include="NetStatsTracker.cpp" />
    <ClCompile Include="OrderedChannel.cpp" />
    <ClCompile Include="Ping.cpp" />
    <ClCompile Include="precompiled.cpp" />
    <ClCompile Include="SerialBuffer.cpp" />
    <ClCompile Include="session.cpp" />
    <ClCompile Include="SessionConnector.cpp" />
    <ClCompile Include="TimeSync.cpp" />
    <ClCompile Include="UPnPHelper.cpp" />
    <ClCompile Include="xconnection.cpp" />
    <ClCompile Include="xlandiscovery.cpp" />
    <ClCompile Include="xudpsocket.cpp" />
  </ItemGroup>
  <ItemGroup>
    <ClInclude Include="Connection.h">
      <Filter>Communication</Filter>
    </ClInclude>
    <ClInclude Include="ReliableConnection.h">
      <Filter>Communication</Filter>
    </ClInclude>
    <ClInclude Include="Listener.h">
      <Filter>Socket</Filter>
    </ClInclude>
    <ClInclude Include="LoopbackSocket.h">
      <Filter>Socket</Filter>
    </ClInclude>
    <ClInclude Include="Packet.h">
      <Filter>Socket</Filter>
    </ClInclude>
    <ClInclude Include="Socket.h">
      <Filter>Socket</Filter>
    </ClInclude>
    <ClInclude Include="SocksGameSocket.h">
      <Filter>Socket\Socks</Filter>
    </ClInclude>
    <ClInclude Include="SocksHelper.h">
      <Filter>Socket\Socks</Filter>
    </ClInclude>
    <ClInclude Include="SocksListener.h">
      <Filter>Socket\Socks</Filter>
    </ClInclude>
    <ClInclude Include="SocksMapper.h">
      <Filter>Socket\Socks</Filter>
    </ClInclude>
    <ClInclude Include="SocksReliableSocket.h">
      <Filter>Socket\Socks</Filter>
    </ClInclude>
    <ClInclude Include="SocksSocketBase.h">
      <Filter>Socket\Socks</Filter>
    </ClInclude>
    <ClInclude Include="SocksUnreliableSocket.h">
      <Filter>Socket\Socks</Filter>
    </ClInclude>
    <ClInclude Include="UDP360Connection.h">
      <Filter>Socket\Socks</Filter>
    </ClInclude>
    <ClInclude Include="UDP360Socket.h">
      <Filter>Socket\Socks</Filter>
    </ClInclude>
    <ClInclude Include="XStreamConnection.h">
      <Filter>Socket\Socks</Filter>
    </ClInclude>
    <ClInclude Include="AddressGrabber.h" />
    <ClInclude Include="Channel.h" />
    <ClInclude Include="client.h" />
    <ClInclude Include="commheaders.h" />
    <ClInclude Include="commlog.h" />
    <ClInclude Include="datastream.h" />
    <ClInclude Include="dpnathlp.h" />
    <ClInclude Include="filestream.h" />
    <ClInclude Include="filetransfermgr.h" />
    <ClInclude Include="MaxSendSize.h" />
    <ClInclude Include="NetEvents.h" />
    <ClInclude Include="NetPackets.h" />
    <ClInclude Include="NetStatsTracker.h" />
    <ClInclude Include="ObserverList.h" />
    <ClInclude Include="OrderedChannel.h" />
    <ClInclude Include="PacketTypes.h" />
    <ClInclude Include="Ping.h" />
    <ClInclude Include="precompiled.h" />
    <ClInclude Include="SerialBuffer.h" />
    <ClInclude Include="Serializable.h" />
    <ClInclude Include="session.h" />
    <ClInclude Include="SessionConnector.h" />
    <ClInclude Include="TimeSync.h" />
    <ClInclude Include="tlist.h" />
    <ClInclude Include="UPnPHelper.h" />
    <ClInclude Include="winsockinc.h" />
    <ClInclude Include="xconnection.h" />
    <ClInclude Include="xlandiscovery.h" />
    <ClInclude Include="xnetwork.h" />
    <ClInclude Include="xudpsocket.h" />
  </ItemGroup>
</Project>