<?xml version="1.0" encoding="utf-8"?>
<Project ToolsVersion="4.0" xmlns="http://schemas.microsoft.com/developer/msbuild/2003">
  <ItemGroup>
    <Filter Include="Source Files">
      <UniqueIdentifier>{fb1baf05-6952-4d9b-a5cf-1c3b1eadb041}</UniqueIdentifier>
      <Extensions>cpp;c;cxx;def;odl;idl;hpj;bat;asm</Extensions>
    </Filter>
    <Filter Include="Header Files">
      <UniqueIdentifier>{f017997e-7ee8-47cf-af5c-11f6122478b9}</UniqueIdentifier>
      <Extensions>h;hpp;hxx;hm;inl;inc</Extensions>
    </Filter>
  </ItemGroup>
  <ItemGroup>
    <ClCompile Include="common.cpp">
      <Filter>Source Files</Filter>
    </ClCompile>
    <ClCompile Include="grannyanimation.cpp">
      <Filter>Source Files</Filter>
    </ClCompile>
    <ClCompile Include="grannyinstance.cpp">
      <Filter>Source Files</Filter>
    </ClCompile>
    <ClCompile Include="grannyInstanceRenderer.cpp">
      <Filter>Source Files</Filter>
    </ClCompile>
    <ClCompile Include="grannymanager.cpp">
      <Filter>Source Files</Filter>
    </ClCompile>
    <ClCompile Include="grannymodel.cpp">
      <Filter>Source Files</Filter>
    </ClCompile>
    <ClCompile Include="xgranny.cpp">
      <Filter>Source Files</Filter>
    </ClCompile>
  </ItemGroup>
  <ItemGroup>
    <ClInclude Include="common.h">
      <Filter>Header Files</Filter>
    </ClInclude>
    <ClInclude Include="grannyanimation.h">
      <Filter>Header Files</Filter>
    </ClInclude>
    <ClInclude Include="grannyinstance.h">
      <Filter>Header Files</Filter>
    </ClInclude>
    <ClInclude Include="grannyInstanceRenderer.h">
      <Filter>Header Files</Filter>
    </ClInclude>
    <ClInclude Include="grannymanager.h">
      <Filter>Header Files</Filter>
    </ClInclude>
    <ClInclude Include="grannymodel.h">
      <Filter>Header Files</Filter>
    </ClInclude>
    <ClInclude Include="xgranny.h">
      <Filter>Header Files</Filter>
    </ClInclude>
  </ItemGroup>
</Project>