<?xml version="1.0" encoding="utf-8"?>
<Project ToolsVersion="4.0" xmlns="http://schemas.microsoft.com/developer/msbuild/2003">
  <ItemGroup>
    <Filter Include="Source Files">
      <UniqueIdentifier>{4FC737F1-C7A5-4376-A066-2A32D752A2FF}</UniqueIdentifier>
      <Extensions>cpp;c;cxx;def;odl;idl;hpj;bat;asm;asmx</Extensions>
    </Filter>
    <Filter Include="Header Files">
      <UniqueIdentifier>{93995380-89BD-4b04-88EB-625FBE52EBFB}</UniqueIdentifier>
      <Extensions>h;hpp;hxx;hm;inl;inc;xsd</Extensions>
    </Filter>
  </ItemGroup>
  <ItemGroup>
    <ClCompile Include="configsparticles.cpp">
      <Filter>Source Files</Filter>
    </ClCompile>
    <ClCompile Include="particledatatracker.cpp">
      <Filter>Source Files</Filter>
    </ClCompile>
    <ClCompile Include="particleeffectdata.cpp">
      <Filter>Source Files</Filter>
    </ClCompile>
    <ClCompile Include="particleemitter.cpp">
      <Filter>Source Files</Filter>
    </ClCompile>
    <ClCompile Include="particleemitterset.cpp">
      <Filter>Source Files</Filter>
    </ClCompile>
    <ClCompile Include="particlegateway.cpp">
      <Filter>Source Files</Filter>
    </ClCompile>
    <ClCompile Include="particleheap.cpp">
      <Filter>Source Files</Filter>
    </ClCompile>
    <ClCompile Include="particlerenderer.cpp">
      <Filter>Source Files</Filter>
    </ClCompile>
    <ClCompile Include="ParticleSystemManager.cpp">
      <Filter>Source Files</Filter>
    </ClCompile>
    <ClCompile Include="ParticleSystemParticle.cpp">
      <Filter>Source Files</Filter>
    </ClCompile>
    <ClCompile Include="particletexturemanager.cpp">
      <Filter>Source Files</Filter>
    </ClCompile>
    <ClCompile Include="particlevertextypes.cpp">
      <Filter>Source Files</Filter>
    </ClCompile>
    <ClCompile Include="particleworkdirsetup.cpp">
      <Filter>Source Files</Filter>
    </ClCompile>
    <ClCompile Include="progression.cpp">
      <Filter>Source Files</Filter>
    </ClCompile>
    <ClCompile Include="xparticlescommon.cpp">
      <Filter>Source Files</Filter>
    </ClCompile>
  </ItemGroup>
  <ItemGroup>
    <ClInclude Include="configsparticles.h">
      <Filter>Header Files</Filter>
    </ClInclude>
    <ClInclude Include="particledatatracker.h">
      <Filter>Header Files</Filter>
    </ClInclude>
    <ClInclude Include="particleeffectdata.h">
      <Filter>Header Files</Filter>
    </ClInclude>
    <ClInclude Include="particleemitter.h">
      <Filter>Header Files</Filter>
    </ClInclude>
    <ClInclude Include="particleemitterset.h">
      <Filter>Header Files</Filter>
    </ClInclude>
    <ClInclude Include="particlegateway.h">
      <Filter>Header Files</Filter>
    </ClInclude>
    <ClInclude Include="particleheap.h">
      <Filter>Header Files</Filter>
    </ClInclude>
    <ClInclude Include="particlerenderer.h">
      <Filter>Header Files</Filter>
    </ClInclude>
    <ClInclude Include="ParticleSystem.h">
      <Filter>Header Files</Filter>
    </ClInclude>
    <ClInclude Include="ParticleSystemManager.h">
      <Filter>Header Files</Filter>
    </ClInclude>
    <ClInclude Include="ParticleSystemParticle.h">
      <Filter>Header Files</Filter>
    </ClInclude>
    <ClInclude Include="particletexturemanager.h">
      <Filter>Header Files</Filter>
    </ClInclude>
    <ClInclude Include="particlevertextypes.h">
      <Filter>Header Files</Filter>
    </ClInclude>
    <ClInclude Include="particleworkdirsetup.h">
      <Filter>Header Files</Filter>
    </ClInclude>
    <ClInclude Include="progression.h">
      <Filter>Header Files</Filter>
    </ClInclude>
    <ClInclude Include="xparticlescommon.h">
      <Filter>Header Files</Filter>
    </ClInclude>
  </ItemGroup>
</Project>