<?xml version="1.0" encoding="utf-8"?>
<Project ToolsVersion="4.0" xmlns="http://schemas.microsoft.com/developer/msbuild/2003">
  <ItemGroup>
    <Image Include="Assets\Logos\LockScreenLogo.scale-200.png">
      <Filter>Assets\Logos</Filter>
    </Image>
    <Image Include="Assets\Logos\SplashScreen.scale-200.png">
      <Filter>Assets\Logos</Filter>
    </Image>
    <Image Include="Assets\Logos\Square44x44Logo.scale-200.png">
      <Filter>Assets\Logos</Filter>
    </Image>
    <Image Include="Assets\Logos\Square44x44Logo.targetsize-24_altform-unplated.png">
      <Filter>Assets\Logos</Filter>
    </Image>
    <Image Include="Assets\Logos\Square150x150Logo.scale-200.png">
      <Filter>Assets\Logos</Filter>
    </Image>
    <Image Include="Assets\Logos\Wide310x150Logo.scale-200.png">
      <Filter>Assets\Logos</Filter>
    </Image>
    <Image Include="Assets\Logos\SmallTile.scale-100.png">
      <Filter>Assets\Logos</Filter>
    </Image>
    <Image Include="Assets\Logos\SmallTile.scale-125.png">
      <Filter>Assets\Logos</Filter>
    </Image>
    <Image Include="Assets\Logos\SmallTile.scale-150.png">
      <Filter>Assets\Logos</Filter>
    </Image>
    <Image Include="Assets\Logos\SmallTile.scale-200.png">
      <Filter>Assets\Logos</Filter>
    </Image>
    <Image Include="Assets\Logos\SmallTile.scale-400.png">
      <Filter>Assets\Logos</Filter>
    </Image>
    <Image Include="Assets\Logos\Square150x150Logo.scale-100.png">
      <Filter>Assets\Logos</Filter>
    </Image>
    <Image Include="Assets\Logos\Square150x150Logo.scale-125.png">
      <Filter>Assets\Logos</Filter>
    </Image>
    <Image Include="Assets\Logos\Square150x150Logo.scale-150.png">
      <Filter>Assets\Logos</Filter>
    </Image>
    <Image Include="Assets\Logos\Square150x150Logo.scale-400.png">
      <Filter>Assets\Logos</Filter>
    </Image>
    <Image Include="Assets\Logos\Wide310x150Logo.scale-100.png">
      <Filter>Assets\Logos</Filter>
    </Image>
    <Image Include="Assets\Logos\Wide310x150Logo.scale-125.png">
      <Filter>Assets\Logos</Filter>
    </Image>
    <Image Include="Assets\Logos\Wide310x150Logo.scale-150.png">
      <Filter>Assets\Logos</Filter>
    </Image>
    <Image Include="Assets\Logos\Wide310x150Logo.scale-400.png">
      <Filter>Assets\Logos</Filter>
    </Image>
    <Image Include="Assets\Logos\LargeTile.scale-100.png">
      <Filter>Assets\Logos</Filter>
    </Image>
    <Image Include="Assets\Logos\LargeTile.scale-125.png">
      <Filter>Assets\Logos</Filter>
    </Image>
    <Image Include="Assets\Logos\LargeTile.scale-150.png">
      <Filter>Assets\Logos</Filter>
    </Image>
    <Image Include="Assets\Logos\LargeTile.scale-200.png">
      <Filter>Assets\Logos</Filter>
    </Image>
    <Image Include="Assets\Logos\LargeTile.scale-400.png">
      <Filter>Assets\Logos</Filter>
    </Image>
    <Image Include="Assets\Logos\Square44x44Logo.scale-100.png">
      <Filter>Assets\Logos</Filter>
    </Image>
    <Image Include="Assets\Logos\Square44x44Logo.scale-125.png">
      <Filter>Assets\Logos</Filter>
    </Image>
    <Image Include="Assets\Logos\Square44x44Logo.scale-150.png">
      <Filter>Assets\Logos</Filter>
    </Image>
    <Image Include="Assets\Logos\Square44x44Logo.scale-400.png">
      <Filter>Assets\Logos</Filter>
    </Image>
    <Image Include="Assets\Logos\Square44x44Logo.targetsize-16.png">
      <Filter>Assets\Logos</Filter>
    </Image>
    <Image Include="Assets\Logos\Square44x44Logo.targetsize-24.png">
      <Filter>Assets\Logos</Filter>
    </Image>
    <Image Include="Assets\Logos\Square44x44Logo.targetsize-32.png">
      <Filter>Assets\Logos</Filter>
    </Image>
    <Image Include="Assets\Logos\Square44x44Logo.targetsize-48.png">
      <Filter>Assets\Logos</Filter>
    </Image>
    <Image Include="Assets\Logos\Square44x44Logo.targetsize-256.png">
      <Filter>Assets\Logos</Filter>
    </Image>
    <Image Include="Assets\Logos\Square44x44Logo.altform-unplated_targetsize-16.png">
      <Filter>Assets\Logos</Filter>
    </Image>
    <Image Include="Assets\Logos\Square44x44Logo.altform-unplated_targetsize-32.png">
      <Filter>Assets\Logos</Filter>
    </Image>
    <Image Include="Assets\Logos\Square44x44Logo.altform-unplated_targetsize-48.png">
      <Filter>Assets\Logos</Filter>
    </Image>
    <Image Include="Assets\Logos\Square44x44Logo.altform-unplated_targetsize-256.png">
      <Filter>Assets\Logos</Filter>
    </Image>
    <Image Include="Assets\Logos\Square44x44Logo.altform-lightunplated_targetsize-16.png">
      <Filter>Assets\Logos</Filter>
    </Image>
    <Image Include="Assets\Logos\Square44x44Logo.altform-lightunplated_targetsize-24.png">
      <Filter>Assets\Logos</Filter>
    </Image>
    <Image Include="Assets\Logos\Square44x44Logo.altform-lightunplated_targetsize-32.png">
      <Filter>Assets\Logos</Filter>
    </Image>
    <Image Include="Assets\Logos\Square44x44Logo.altform-lightunplated_targetsize-48.png">
      <Filter>Assets\Logos</Filter>
    </Image>
    <Image Include="Assets\Logos\Square44x44Logo.altform-lightunplated_targetsize-256.png">
      <Filter>Assets\Logos</Filter>
    </Image>
    <Image Include="Assets\Logos\SplashScreen.scale-100.png">
      <Filter>Assets\Logos</Filter>
    </Image>
    <Image Include="Assets\Logos\SplashScreen.scale-125.png">
      <Filter>Assets\Logos</Filter>
    </Image>
    <Image Include="Assets\Logos\SplashScreen.scale-150.png">
      <Filter>Assets\Logos</Filter>
    </Image>
    <Image Include="Assets\Logos\SplashScreen.scale-400.png">
      <Filter>Assets\Logos</Filter>
    </Image>
    <Image Include="Assets\Logos\StoreLogo.scale-100.png">
      <Filter>Assets\Logos</Filter>
    </Image>
    <Image Include="Assets\Logos\StoreLogo.scale-125.png">
      <Filter>Assets\Logos</Filter>
    </Image>
    <Image Include="Assets\Logos\StoreLogo.scale-150.png">
      <Filter>Assets\Logos</Filter>
    </Image>
    <Image Include="Assets\Logos\StoreLogo.scale-200.png">
      <Filter>Assets\Logos</Filter>
    </Image>
    <Image Include="Assets\Logos\StoreLogo.scale-400.png">
      <Filter>Assets\Logos</Filter>
    </Image>
    <Image Include="Assets\Fonts\EditorFont-ENG.dds">
      <Filter>Assets\Fonts</Filter>
    </Image>
    <Image Include="Assets\Fonts\EditorFont-FRA.dds">
      <Filter>Assets\Fonts</Filter>
    </Image>
    <Image Include="Assets\Fonts\EditorFont-ITA.dds">
      <Filter>Assets\Fonts</Filter>
    </Image>
    <Image Include="Assets\Fonts\EditorFont-RUS.dds">
      <Filter>Assets\Fonts</Filter>
    </Image>
    <Image Include="Assets\Fonts\SpeccyFont-ENG.dds">
      <Filter>Assets\Fonts</Filter>
    </Image>
    <Image Include="Assets\Fonts\SpeccyFont-FRA.dds">
      <Filter>Assets\Fonts</Filter>
    </Image>
    <Image Include="Assets\Fonts\SpeccyFont-ITA.dds">
      <Filter>Assets\Fonts</Filter>
    </Image>
    <Image Include="Assets\Fonts\SpeccyFont-RUS.dds">
      <Filter>Assets\Fonts</Filter>
    </Image>
    <Image Include="Assets\Textures\starbox_1024.dds">
      <Filter>Assets\Textures</Filter>
    </Image>
  </ItemGroup>
  <ItemGroup>
    <Filter Include="Assets">
      <UniqueIdentifier>{52b3d348-96ac-440c-8bbc-f7382f7b4bbe}</UniqueIdentifier>
    </Filter>
    <Filter Include="Project Files">
      <UniqueIdentifier>{979cbe68-dcf7-4c99-81f5-58a5c6afe60b}</UniqueIdentifier>
    </Filter>
    <Filter Include="Assets\Audio">
      <UniqueIdentifier>{841beb1d-40ef-49f8-9ff0-f49855997f6b}</UniqueIdentifier>
    </Filter>
    <Filter Include="Shaders">
      <UniqueIdentifier>{07fb5f34-7651-427e-83ab-441c21bde16a}</UniqueIdentifier>
    </Filter>
    <Filter Include="Assets\Logos">
      <UniqueIdentifier>{fcc0230a-c07a-4d24-98b8-5f8c669b414a}</UniqueIdentifier>
    </Filter>
    <Filter Include="Assets\Fonts">
      <UniqueIdentifier>{4a3831b3-942c-44fb-870a-498b577006e7}</UniqueIdentifier>
    </Filter>
    <Filter Include="Assets\Objects">
      <UniqueIdentifier>{7ebcc28f-c691-44f4-a987-c11e9804313a}</UniqueIdentifier>
    </Filter>
    <Filter Include="Assets\Objects\Asteroids">
      <UniqueIdentifier>{9b6b1f03-c521-435a-8328-b804663c09c7}</UniqueIdentifier>
    </Filter>
    <Filter Include="Assets\Textures">
      <UniqueIdentifier>{f6e0343f-560d-46cd-994b-12473e7e4950}</UniqueIdentifier>
    </Filter>
    <Filter Include="Assets\Objects\Hulls">
      <UniqueIdentifier>{58dc4ed4-67db-495e-b50c-2a1ae3a15674}</UniqueIdentifier>
    </Filter>
  </ItemGroup>
  <ItemGroup>
    <Manifest Include="app.manifest">
      <Filter>Project Files</Filter>
    </Manifest>
  </ItemGroup>
  <ItemGroup>
    <AppxManifest Include="Package.appxmanifest">
      <Filter>Project Files</Filter>
    </AppxManifest>
  </ItemGroup>
  <ItemGroup>
    <None Include="packages.config">
      <Filter>Project Files</Filter>
    </None>
    <None Include="Assets\Objects\Asteroids\asteroid_01.cmo">
      <Filter>Assets\Objects\Asteroids</Filter>
    </None>
    <None Include="Assets\Objects\Asteroids\asteroid_02.cmo">
      <Filter>Assets\Objects\Asteroids</Filter>
    </None>
    <None Include="Assets\Objects\Asteroids\asteroid_03.cmo">
      <Filter>Assets\Objects\Asteroids</Filter>
    </None>
    <None Include="Assets\Objects\Asteroids\asteroid_04.cmo">
      <Filter>Assets\Objects\Asteroids</Filter>
    </None>
    <None Include="Assets\Objects\Asteroids\asteroid_05.cmo">
      <Filter>Assets\Objects\Asteroids</Filter>
    </None>
    <None Include="Assets\Objects\Asteroids\asteroid_06.cmo">
      <Filter>Assets\Objects\Asteroids</Filter>
    </None>
    <None Include="Assets\Objects\Hulls\hull_asteria.cmo">
      <Filter>Assets\Objects\Hulls</Filter>
    </None>
    <None Include="Assets\Objects\Hulls\hull_aurora.cmo">
      <Filter>Assets\Objects\Hulls</Filter>
    </None>
    <None Include="Assets\Objects\Hulls\hull_avalanche.cmo">
      <Filter>Assets\Objects\Hulls</Filter>
    </None>
    <None Include="Assets\Objects\Hulls\hull_avalanche_mk2.cmo">
      <Filter>Assets\Objects\Hulls</Filter>
    </None>
    <None Include="Assets\Objects\Hulls\hull_banshee.cmo">
      <Filter>Assets\Objects\Hulls</Filter>
    </None>
    <None Include="Assets\Objects\Hulls\hull_banshee_mk2.cmo">
      <Filter>Assets\Objects\Hulls</Filter>
    </None>
    <None Include="Assets\Objects\Hulls\hull_boomerang.cmo">
      <Filter>Assets\Objects\Hulls</Filter>
    </None>
    <None Include="Assets\Objects\Hulls\hull_crab.cmo">
      <Filter>Assets\Objects\Hulls</Filter>
    </None>
    <None Include="Assets\Objects\Hulls\hull_death_bringer.cmo">
      <Filter>Assets\Objects\Hulls</Filter>
    </None>
    <None Include="Assets\Objects\Hulls\hull_endeavor.cmo">
      <Filter>Assets\Objects\Hulls</Filter>
    </None>
    <None Include="Assets\Objects\Hulls\hull_fang.cmo">
      <Filter>Assets\Objects\Hulls</Filter>
    </None>
    <None Include="Assets\Objects\Hulls\hull_freighter.cmo">
      <Filter>Assets\Objects\Hulls</Filter>
    </None>
    <None Include="Assets\Objects\Hulls\hull_hammer.cmo">
      <Filter>Assets\Objects\Hulls</Filter>
    </None>
    <None Include="Assets\Objects\Hulls\hull_heretic.cmo">
      <Filter>Assets\Objects\Hulls</Filter>
    </None>
    <None Include="Assets\Objects\Hulls\hull_hive.cmo">
      <Filter>Assets\Objects\Hulls</Filter>
    </None>
    <None Include="Assets\Objects\Hulls\hull_megalisk.cmo">
      <Filter>Assets\Objects\Hulls</Filter>
    </None>
    <None Include="Assets\Objects\Hulls\hull_orca.cmo">
      <Filter>Assets\Objects\Hulls</Filter>
    </None>
    <None Include="Assets\Objects\Hulls\hull_pest_brown.cmo">
      <Filter>Assets\Objects\Hulls</Filter>
    </None>
    <None Include="Assets\Objects\Hulls\hull_pest_red.cmo">
      <Filter>Assets\Objects\Hulls</Filter>
    </None>
    <None Include="Assets\Objects\Hulls\hull_pirate_platform.cmo">
      <Filter>Assets\Objects\Hulls</Filter>
    </None>
    <None Include="Assets\Objects\Hulls\hull_scarab.cmo">
      <Filter>Assets\Objects\Hulls</Filter>
    </None>
    <None Include="Assets\Objects\Hulls\hull_shuttle.cmo">
      <Filter>Assets\Objects\Hulls</Filter>
    </None>
    <None Include="Assets\Objects\Hulls\hull_stingray.cmo">
      <Filter>Assets\Objects\Hulls</Filter>
    </None>
    <None Include="Assets\Objects\Hulls\hull_stingray_mk2.cmo">
      <Filter>Assets\Objects\Hulls</Filter>
    </None>
    <None Include="Assets\Objects\Hulls\hull_stryker.cmo">
      <Filter>Assets\Objects\Hulls</Filter>
    </None>
    <None Include="Assets\Objects\Hulls\hull_turret_platform.cmo">
      <Filter>Assets\Objects\Hulls</Filter>
    </None>
    <None Include="Assets\Objects\Hulls\hull_turret_xengatarn.cmo">
      <Filter>Assets\Objects\Hulls</Filter>
    </None>
    <None Include="Assets\Objects\Hulls\hull_violator.cmo">
      <Filter>Assets\Objects\Hulls</Filter>
    </None>
    <None Include="Assets\Objects\Hulls\hull_wasp.cmo">
      <Filter>Assets\Objects\Hulls</Filter>
    </None>
    <None Include="Assets\Objects\Hulls\hull_yamato.cmo">
      <Filter>Assets\Objects\Hulls</Filter>
    </None>
  </ItemGroup>
  <ItemGroup>
    <Natvis Include="$(MSBuildThisFileDirectory)..\..\natvis\wil.natstepfilter">
      <Filter>Project Files</Filter>
    </Natvis>
    <Natvis Include="$(MSBuildThisFileDirectory)..\..\natvis\wil.natvis">
      <Filter>Project Files</Filter>
    </Natvis>
  </ItemGroup>
  <ItemGroup>
    <ClCompile Include="WinMain.cpp" />
    <ClCompile Include="pch.cpp" />
    <ClCompile Include="ClientWorld.cpp" />
    <ClCompile Include="WorldRenderer.cpp" />
    <ClCompile Include="GameApp.cpp" />
  </ItemGroup>
  <ItemGroup>
    <ClInclude Include="pch.h" />
    <ClInclude Include="ClientWorld.h" />
    <ClInclude Include="WorldRenderer.h" />
    <ClInclude Include="GameApp.h" />
  </ItemGroup>
  <ItemGroup>
    <FxCompile Include="Shaders\CmoPS.hlsl">
      <Filter>Shaders</Filter>
    </FxCompile>
    <FxCompile Include="Shaders\CmoVS.hlsl">
      <Filter>Shaders</Filter>
    </FxCompile>
  </ItemGroup>
</Project>