<?xml version="1.0" encoding="utf-8"?>
<Project ToolsVersion="4.0" xmlns="http://schemas.microsoft.com/developer/msbuild/2003">
  <ItemGroup>
    <Filter Include="Source Files">
      <UniqueIdentifier>{ce37786d-1564-46eb-acdc-ee984722360a}</UniqueIdentifier>
    </Filter>
    <Filter Include="Source Files\math">
      <UniqueIdentifier>{5268ab00-659a-4641-8c9f-b19c86eca760}</UniqueIdentifier>
    </Filter>
    <Filter Include="Source Files\utils">
      <UniqueIdentifier>{e3d4c49c-bc9b-4336-b62a-b89af016e8ef}</UniqueIdentifier>
    </Filter>
    <Filter Include="Source Files\containers">
      <UniqueIdentifier>{589abfe5-7f35-4859-8ab4-f82d3dd550a8}</UniqueIdentifier>
    </Filter>
    <Filter Include="Source Files\string">
      <UniqueIdentifier>{bce035e5-acf1-4ada-b796-35c5c358d411}</UniqueIdentifier>
    </Filter>
    <Filter Include="Source Files\threading">
      <UniqueIdentifier>{1ab5b4bf-11f2-4a01-af0a-a475748c7fc9}</UniqueIdentifier>
    </Filter>
    <Filter Include="Source Files\hash">
      <UniqueIdentifier>{211a8e55-005e-4437-8c21-4b14eafa734e}</UniqueIdentifier>
    </Filter>
    <Filter Include="Source Files\memory">
      <UniqueIdentifier>{f40b3d21-20a1-456e-96ab-9f4300f0ecdb}</UniqueIdentifier>
    </Filter>
    <Filter Include="Source Files\xexception">
      <UniqueIdentifier>{b406d013-2463-49ee-a82e-c79c343da29e}</UniqueIdentifier>
    </Filter>
    <Filter Include="Source Files\file">
      <UniqueIdentifier>{e0cb7552-9a57-43d6-b541-645f3fed51fd}</UniqueIdentifier>
    </Filter>
    <Filter Include="Source Files\stream">
      <UniqueIdentifier>{d9a69aef-da1a-47f5-a197-b0b54141883e}</UniqueIdentifier>
    </Filter>
    <Filter Include="Source Files\core">
      <UniqueIdentifier>{882e47d5-09ea-464c-9d63-f07accf4caee}</UniqueIdentifier>
    </Filter>
    <Filter Include="Source Files\functor">
      <UniqueIdentifier>{64d8df58-29d1-4b5d-ada6-956b8fc0da3e}</UniqueIdentifier>
    </Filter>
    <Filter Include="Source Files\xdb">
      <UniqueIdentifier>{1f37a3c7-c875-43a5-bf5f-121f295723a8}</UniqueIdentifier>
    </Filter>
    <Filter Include="Source Files\xml">
      <UniqueIdentifier>{5de1e935-a59e-407e-94f3-8acbaef05a4f}</UniqueIdentifier>
    </Filter>
    <Filter Include="Source Files\typeTraits">
      <UniqueIdentifier>{448d0a87-3be9-4bd8-bac4-0355047deb13}</UniqueIdentifier>
    </Filter>
    <Filter Include="Source Files\resource">
      <UniqueIdentifier>{7709066a-9240-436c-ab4e-feb297238210}</UniqueIdentifier>
    </Filter>
    <Filter Include="Resource Files">
      <UniqueIdentifier>{67DA6AB6-F800-4c08-8B7A-83BB121AAD01}</UniqueIdentifier>
      <Extensions>rc;ico;cur;bmp;dlg;rc2;rct;bin;rgs;gif;jpg;jpeg;jpe;resx</Extensions>
    </Filter>
  </ItemGroup>
  <ItemGroup>
    <ClCompile Include="xcore.cpp">
      <Filter>Source Files</Filter>
    </ClCompile>
    <ClCompile Include="xcorelib.cpp">
      <Filter>Source Files</Filter>
    </ClCompile>
    <ClCompile Include="math\coherentNoise.cpp">
      <Filter>Source Files\math</Filter>
    </ClCompile>
    <ClCompile Include="math\collision.cpp">
      <Filter>Source Files\math</Filter>
    </ClCompile>
    <ClCompile Include="math\cubemap.cpp">
      <Filter>Source Files\math</Filter>
    </ClCompile>
    <ClCompile Include="math\eulerAngles.cpp">
      <Filter>Source Files\math</Filter>
    </ClCompile>
    <ClCompile Include="math\generateCombinations.cpp">
      <Filter>Source Files\math</Filter>
    </ClCompile>
    <ClCompile Include="math\intrinsicMatrix.cpp">
      <Filter>Source Files\math</Filter>
    </ClCompile>
    <ClCompile Include="math\intrinsicVector.cpp">
      <Filter>Source Files\math</Filter>
    </ClCompile>
    <ClCompile Include="math\LinearAlgebra.cpp">
      <Filter>Source Files\math</Filter>
    </ClCompile>
    <ClCompile Include="math\math.cpp">
      <Filter>Source Files\math</Filter>
    </ClCompile>
    <ClCompile Include="math\quat.cpp">
      <Filter>Source Files\math</Filter>
    </ClCompile>
    <ClCompile Include="math\random.cpp">
      <Filter>Source Files\math</Filter>
    </ClCompile>
    <ClCompile Include="math\randomUtils.cpp">
      <Filter>Source Files\math</Filter>
    </ClCompile>
    <ClCompile Include="math\ShortFloat.cpp">
      <Filter>Source Files\math</Filter>
    </ClCompile>
    <ClCompile Include="math\simpleMatrix.cpp">
      <Filter>Source Files\math</Filter>
    </ClCompile>
    <ClCompile Include="math\simpleVector.cpp">
      <Filter>Source Files\math</Filter>
    </ClCompile>
    <ClCompile Include="math\stratifiedSamples.cpp">
      <Filter>Source Files\math</Filter>
    </ClCompile>
    <ClCompile Include="math\VMXIntersection.cpp">
      <Filter>Source Files\math</Filter>
    </ClCompile>
    <ClCompile Include="utils\commandLineParser.cpp">
      <Filter>Source Files\utils</Filter>
    </ClCompile>
    <ClCompile Include="utils\consoleAppHelper.cpp">
      <Filter>Source Files\utils</Filter>
    </ClCompile>
    <ClCompile Include="utils\endianSwitch.cpp">
      <Filter>Source Files\utils</Filter>
    </ClCompile>
    <ClCompile Include="utils\spawn.cpp">
      <Filter>Source Files\utils</Filter>
    </ClCompile>
    <ClCompile Include="utils\utils.cpp">
      <Filter>Source Files\utils</Filter>
    </ClCompile>
    <ClCompile Include="utils\XTLOnPC.cpp">
      <Filter>Source Files\utils</Filter>
    </ClCompile>
    <ClCompile Include="containers\binaryDataTree.cpp">
      <Filter>Source Files\containers</Filter>
    </ClCompile>
    <ClCompile Include="containers\binaryDataTreeReader.cpp">
      <Filter>Source Files\containers</Filter>
    </ClCompile>
    <ClCompile Include="containers\dynamicArray.cpp">
      <Filter>Source Files\containers</Filter>
    </ClCompile>
    <ClCompile Include="containers\filenameTree.cpp">
      <Filter>Source Files\containers</Filter>
    </ClCompile>
    <ClCompile Include="containers\freelist.cpp">
      <Filter>Source Files\containers</Filter>
    </ClCompile>
    <ClCompile Include="containers\skiplist.cpp">
      <Filter>Source Files\containers</Filter>
    </ClCompile>
    <ClCompile Include="containers\staticArray.cpp">
      <Filter>Source Files\containers</Filter>
    </ClCompile>
    <ClCompile Include="string\bsnprintf.cpp">
      <Filter>Source Files\string</Filter>
    </ClCompile>
    <ClCompile Include="string\bstring.cpp">
      <Filter>Source Files\string</Filter>
    </ClCompile>
    <ClCompile Include="string\convertToken.cpp">
      <Filter>Source Files\string</Filter>
    </ClCompile>
    <ClCompile Include="string\strHelper.cpp">
      <Filter>Source Files\string</Filter>
    </ClCompile>
    <ClCompile Include="string\stringTable.cpp">
      <Filter>Source Files\string</Filter>
    </ClCompile>
    <ClCompile Include="string\strPathHelper.cpp">
      <Filter>Source Files\string</Filter>
    </ClCompile>
    <ClCompile Include="string\tokenize.cpp">
      <Filter>Source Files\string</Filter>
    </ClCompile>
    <ClCompile Include="threading\CriticalSection.cpp">
      <Filter>Source Files\threading</Filter>
    </ClCompile>
    <ClCompile Include="threading\eventDispatcher.cpp">
      <Filter>Source Files\threading</Filter>
    </ClCompile>
    <ClCompile Include="threading\helperThread.cpp">
      <Filter>Source Files\threading</Filter>
    </ClCompile>
    <ClCompile Include="threading\monitor.cpp">
      <Filter>Source Files\threading</Filter>
    </ClCompile>
    <ClCompile Include="threading\setThreadName.cpp">
      <Filter>Source Files\threading</Filter>
    </ClCompile>
    <ClCompile Include="threading\simpleThreadManager.cpp">
      <Filter>Source Files\threading</Filter>
    </ClCompile>
    <ClCompile Include="threading\stateSwitch.cpp">
      <Filter>Source Files\threading</Filter>
    </ClCompile>
    <ClCompile Include="threading\synchronizedBlockAllocator.cpp">
      <Filter>Source Files\threading</Filter>
    </ClCompile>
    <ClCompile Include="threading\workDistributor.cpp">
      <Filter>Source Files\threading</Filter>
    </ClCompile>
    <ClCompile Include="hash\adler32.cpp">
      <Filter>Source Files\hash</Filter>
    </ClCompile>
    <ClCompile Include="hash\crc.cpp">
      <Filter>Source Files\hash</Filter>
    </ClCompile>
    <ClCompile Include="hash\digitalSignature.cpp">
      <Filter>Source Files\hash</Filter>
    </ClCompile>
    <ClCompile Include="hash\hash.cpp">
      <Filter>Source Files\hash</Filter>
    </ClCompile>
    <ClCompile Include="hash\teaCrypt.cpp">
      <Filter>Source Files\hash</Filter>
    </ClCompile>
    <ClCompile Include="hash\tiger.cpp">
      <Filter>Source Files\hash</Filter>
    </ClCompile>
    <ClCompile Include="hash\tigerCrypt.cpp">
      <Filter>Source Files\hash</Filter>
    </ClCompile>
    <ClCompile Include="hash\tigerSBoxes.cpp">
      <Filter>Source Files\hash</Filter>
    </ClCompile>
    <ClCompile Include="memory\alignedAlloc.cpp">
      <Filter>Source Files\memory</Filter>
    </ClCompile>
    <ClCompile Include="memory\allocationLogger.cpp">
      <Filter>Source Files\memory</Filter>
    </ClCompile>
    <ClCompile Include="memory\allocationtracker.cpp">
      <Filter>Source Files\memory</Filter>
    </ClCompile>
    <ClCompile Include="memory\AllocFixed.cpp">
      <Filter>Source Files\memory</Filter>
    </ClCompile>
    <ClCompile Include="memory\bfHeapAllocator.cpp">
      <Filter>Source Files\memory</Filter>
    </ClCompile>
    <ClCompile Include="memory\blockStackAllocator.cpp">
      <Filter>Source Files\memory</Filter>
    </ClCompile>
    <ClCompile Include="memory\dlmalloc.cpp">
      <Filter>Source Files\memory</Filter>
    </ClCompile>
    <ClCompile Include="memory\mallocWrappers.cpp">
      <Filter>Source Files\memory</Filter>
    </ClCompile>
    <ClCompile Include="memory\memoryHeap.cpp">
      <Filter>Source Files\memory</Filter>
    </ClCompile>
    <ClCompile Include="memory\memoryHeapAnalyzer.cpp">
      <Filter>Source Files\memory</Filter>
    </ClCompile>
    <ClCompile Include="memory\nullRockallHeap.cpp">
      <Filter>Source Files\memory</Filter>
    </ClCompile>
    <ClCompile Include="memory\regionAllocator.cpp">
      <Filter>Source Files\memory</Filter>
    </ClCompile>
    <ClCompile Include="memory\XMemory.cpp">
      <Filter>Source Files\memory</Filter>
    </ClCompile>
    <ClCompile Include="xexception\xdebugtext.cpp">
      <Filter>Source Files\xexception</Filter>
    </ClCompile>
    <ClCompile Include="xexception\xexception.cpp">
      <Filter>Source Files\xexception</Filter>
    </ClCompile>
    <ClCompile Include="file\lowLevelFileIO.cpp">
      <Filter>Source Files\file</Filter>
    </ClCompile>
    <ClCompile Include="file\win32File.cpp">
      <Filter>Source Files\file</Filter>
    </ClCompile>
    <ClCompile Include="file\win32FileUtils.cpp">
      <Filter>Source Files\file</Filter>
    </ClCompile>
    <ClCompile Include="file\win32FindFiles.cpp">
      <Filter>Source Files\file</Filter>
    </ClCompile>
    <ClCompile Include="file\xboxFileUtils.cpp">
      <Filter>Source Files\file</Filter>
    </ClCompile>
    <ClCompile Include="stream\encryptedStream.cpp">
      <Filter>Source Files\stream</Filter>
    </ClCompile>
    <ClCompile Include="bassert.cpp">
      <Filter>Source Files\core</Filter>
    </ClCompile>
    <ClCompile Include="consoleOutput.cpp">
      <Filter>Source Files\core</Filter>
    </ClCompile>
    <ClCompile Include="CriticalMessageBox.cpp">
      <Filter>Source Files\core</Filter>
    </ClCompile>
    <ClCompile Include="debugHelp.cpp">
      <Filter>Source Files\core</Filter>
    </ClCompile>
    <ClCompile Include="FatalExit.cpp">
      <Filter>Source Files\core</Filter>
    </ClCompile>
    <ClCompile Include="globalObjects.cpp">
      <Filter>Source Files\core</Filter>
    </ClCompile>
    <ClCompile Include="Timer.cpp">
      <Filter>Source Files\core</Filter>
    </ClCompile>
    <ClCompile Include="trace.cpp">
      <Filter>Source Files\core</Filter>
    </ClCompile>
    <ClCompile Include="xdb\xdb.cpp">
      <Filter>Source Files\xdb</Filter>
    </ClCompile>
    <ClCompile Include="xdb\xdbManager.cpp">
      <Filter>Source Files\xdb</Filter>
    </ClCompile>
    <ClCompile Include="xdb\xexInfo.cpp">
      <Filter>Source Files\xdb</Filter>
    </ClCompile>
    <ClCompile Include="xdb\xstackTrace.cpp">
      <Filter>Source Files\xdb</Filter>
    </ClCompile>
    <ClCompile Include="xml\AtgXmlParser.cpp">
      <Filter>Source Files\xml</Filter>
    </ClCompile>
    <ClCompile Include="xml\xmlDocument.cpp">
      <Filter>Source Files\xml</Filter>
    </ClCompile>
    <ClCompile Include="xml\xmxData.cpp">
      <Filter>Source Files\xml</Filter>
    </ClCompile>
    <ClCompile Include="xml\xmxDataDumper.cpp">
      <Filter>Source Files\xml</Filter>
    </ClCompile>
    <ClCompile Include="resource\asyncECFArchiveLoader.cpp">
      <Filter>Source Files\resource</Filter>
    </ClCompile>
    <ClCompile Include="resource\ecfFileData.cpp">
      <Filter>Source Files\resource</Filter>
    </ClCompile>
    <ClCompile Include="resource\ecfUtils.cpp">
      <Filter>Source Files\resource</Filter>
    </ClCompile>
    <ClCompile Include="resource\resourceTag.cpp">
      <Filter>Source Files\resource</Filter>
    </ClCompile>
  </ItemGroup>
  <ItemGroup>
    <ClInclude Include="xcore.h">
      <Filter>Source Files</Filter>
    </ClInclude>
    <ClInclude Include="xcorelib.h">
      <Filter>Source Files</Filter>
    </ClInclude>
    <ClInclude Include="math\arcball.h">
      <Filter>Source Files\math</Filter>
    </ClInclude>
    <ClInclude Include="math\coherentNoise.h">
      <Filter>Source Files\math</Filter>
    </ClInclude>
    <ClInclude Include="math\cone.h">
      <Filter>Source Files\math</Filter>
    </ClInclude>
    <ClInclude Include="math\cubemap.h">
      <Filter>Source Files\math</Filter>
    </ClInclude>
    <ClInclude Include="math\eulerAngles.h">
      <Filter>Source Files\math</Filter>
    </ClInclude>
    <ClInclude Include="math\fastFloat.h">
      <Filter>Source Files\math</Filter>
    </ClInclude>
    <ClInclude Include="math\frustum.h">
      <Filter>Source Files\math</Filter>
    </ClInclude>
    <ClInclude Include="math\generalMatrix.h">
      <Filter>Source Files\math</Filter>
    </ClInclude>
    <ClInclude Include="math\generalVector.h">
      <Filter>Source Files\math</Filter>
    </ClInclude>
    <ClInclude Include="math\generateCombinations.h">
      <Filter>Source Files\math</Filter>
    </ClInclude>
    <ClInclude Include="math\halfFloat.h">
      <Filter>Source Files\math</Filter>
    </ClInclude>
    <ClInclude Include="math\hsv.h">
      <Filter>Source Files\math</Filter>
    </ClInclude>
    <ClInclude Include="math\hyperRayLine.h">
      <Filter>Source Files\math</Filter>
    </ClInclude>
    <ClInclude Include="math\hyperSphere.h">
      <Filter>Source Files\math</Filter>
    </ClInclude>
    <ClInclude Include="math\leastSquaresLineFitter.h">
      <Filter>Source Files\math</Filter>
    </ClInclude>
    <ClInclude Include="math\LinearAlgebra.h">
      <Filter>Source Files\math</Filter>
    </ClInclude>
    <ClInclude Include="math\math.h">
      <Filter>Source Files\math</Filter>
    </ClInclude>
    <ClInclude Include="math\matrix.h">
      <Filter>Source Files\math</Filter>
    </ClInclude>
    <ClInclude Include="math\plane.h">
      <Filter>Source Files\math</Filter>
    </ClInclude>
    <ClInclude Include="math\plane2.h">
      <Filter>Source Files\math</Filter>
    </ClInclude>
    <ClInclude Include="math\quat.h">
      <Filter>Source Files\math</Filter>
    </ClInclude>
    <ClInclude Include="math\random.h">
      <Filter>Source Files\math</Filter>
    </ClInclude>
    <ClInclude Include="math\randomUtils.h">
      <Filter>Source Files\math</Filter>
    </ClInclude>
    <ClInclude Include="math\runningAverage.h">
      <Filter>Source Files\math</Filter>
    </ClInclude>
    <ClInclude Include="math\ShortFloat.h">
      <Filter>Source Files\math</Filter>
    </ClInclude>
    <ClInclude Include="math\simpleMatrix.h">
      <Filter>Source Files\math</Filter>
    </ClInclude>
    <ClInclude Include="math\simpleVector.h">
      <Filter>Source Files\math</Filter>
    </ClInclude>
    <ClInclude Include="math\sphericalHarmonic.h">
      <Filter>Source Files\math</Filter>
    </ClInclude>
    <ClInclude Include="math\stratifiedSamples.h">
      <Filter>Source Files\math</Filter>
    </ClInclude>
    <ClInclude Include="math\vector.h">
      <Filter>Source Files\math</Filter>
    </ClInclude>
    <ClInclude Include="math\vectorInterval.h">
      <Filter>Source Files\math</Filter>
    </ClInclude>
    <ClInclude Include="math\VMXUtils.h">
      <Filter>Source Files\math</Filter>
    </ClInclude>
    <ClInclude Include="utils\builtInTypes.h">
      <Filter>Source Files\utils</Filter>
    </ClInclude>
    <ClInclude Include="utils\commandLineParser.h">
      <Filter>Source Files\utils</Filter>
    </ClInclude>
    <ClInclude Include="utils\consoleAppHelper.h">
      <Filter>Source Files\utils</Filter>
    </ClInclude>
    <ClInclude Include="utils\dataBuffer.h">
      <Filter>Source Files\utils</Filter>
    </ClInclude>
    <ClInclude Include="utils\endianSwitch.h">
      <Filter>Source Files\utils</Filter>
    </ClInclude>
    <ClInclude Include="utils\heapSingleton.h">
      <Filter>Source Files\utils</Filter>
    </ClInclude>
    <ClInclude Include="utils\packedArray.h">
      <Filter>Source Files\utils</Filter>
    </ClInclude>
    <ClInclude Include="utils\packedPointer.h">
      <Filter>Source Files\utils</Filter>
    </ClInclude>
    <ClInclude Include="utils\packedString.h">
      <Filter>Source Files\utils</Filter>
    </ClInclude>
    <ClInclude Include="utils\packedType.h">
      <Filter>Source Files\utils</Filter>
    </ClInclude>
    <ClInclude Include="utils\spawn.h">
      <Filter>Source Files\utils</Filter>
    </ClInclude>
    <ClInclude Include="utils\templateIf.h">
      <Filter>Source Files\utils</Filter>
    </ClInclude>
    <ClInclude Include="utils\textDispatcher.h">
      <Filter>Source Files\utils</Filter>
    </ClInclude>
    <ClInclude Include="utils\trackedObject.h">
      <Filter>Source Files\utils</Filter>
    </ClInclude>
    <ClInclude Include="utils\utils.h">
      <Filter>Source Files\utils</Filter>
    </ClInclude>
    <ClInclude Include="utils\XTLOnPC.h">
      <Filter>Source Files\utils</Filter>
    </ClInclude>
    <ClInclude Include="containers\binaryDataTree.h">
      <Filter>Source Files\containers</Filter>
    </ClInclude>
    <ClInclude Include="containers\binaryDataTreeReader.h">
      <Filter>Source Files\containers</Filter>
    </ClInclude>
    <ClInclude Include="containers\bitArray2D.h">
      <Filter>Source Files\containers</Filter>
    </ClInclude>
    <ClInclude Include="containers\bloomFilter.h">
      <Filter>Source Files\containers</Filter>
    </ClInclude>
    <ClInclude Include="containers\byteQueue.h">
      <Filter>Source Files\containers</Filter>
    </ClInclude>
    <ClInclude Include="containers\dynamicArray.h">
      <Filter>Source Files\containers</Filter>
    </ClInclude>
    <ClInclude Include="containers\dynamicArray2D.h">
      <Filter>Source Files\containers</Filter>
    </ClInclude>
    <ClInclude Include="containers\filenameTree.h">
      <Filter>Source Files\containers</Filter>
    </ClInclude>
    <ClInclude Include="containers\fixedBlockAllocator.h">
      <Filter>Source Files\containers</Filter>
    </ClInclude>
    <ClInclude Include="containers\freelist.h">
      <Filter>Source Files\containers</Filter>
    </ClInclude>
    <ClInclude Include="containers\hashMap.h">
      <Filter>Source Files\containers</Filter>
    </ClInclude>
    <ClInclude Include="containers\hashTable.h">
      <Filter>Source Files\containers</Filter>
    </ClInclude>
    <ClInclude Include="containers\linearProbeHashTable.h">
      <Filter>Source Files\containers</Filter>
    </ClInclude>
    <ClInclude Include="containers\linkedArray.h">
      <Filter>Source Files\containers</Filter>
    </ClInclude>
    <ClInclude Include="containers\linkedList.h">
      <Filter>Source Files\containers</Filter>
    </ClInclude>
    <ClInclude Include="containers\nameValueMap.h">
      <Filter>Source Files\containers</Filter>
    </ClInclude>
    <ClInclude Include="containers\PointerList.h">
      <Filter>Source Files\containers</Filter>
    </ClInclude>
    <ClInclude Include="containers\priorityQueue.h">
      <Filter>Source Files\containers</Filter>
    </ClInclude>
    <ClInclude Include="containers\queue.h">
      <Filter>Source Files\containers</Filter>
    </ClInclude>
    <ClInclude Include="containers\segmentedArray.h">
      <Filter>Source Files\containers</Filter>
    </ClInclude>
    <ClInclude Include="containers\skiplist.h">
      <Filter>Source Files\containers</Filter>
    </ClInclude>
    <ClInclude Include="containers\sparseBitArray.h">
      <Filter>Source Files\containers</Filter>
    </ClInclude>
    <ClInclude Include="containers\staticArray.h">
      <Filter>Source Files\containers</Filter>
    </ClInclude>
    <ClInclude Include="containers\staticArray2D.h">
      <Filter>Source Files\containers</Filter>
    </ClInclude>
    <ClInclude Include="containers\staticBitArray2D.h">
      <Filter>Source Files\containers</Filter>
    </ClInclude>
    <ClInclude Include="containers\unifier.h">
      <Filter>Source Files\containers</Filter>
    </ClInclude>
    <ClInclude Include="string\bsnprintf.h">
      <Filter>Source Files\string</Filter>
    </ClInclude>
    <ClInclude Include="string\bstring.h">
      <Filter>Source Files\string</Filter>
    </ClInclude>
    <ClInclude Include="string\convertToken.h">
      <Filter>Source Files\string</Filter>
    </ClInclude>
    <ClInclude Include="string\fixedString.h">
      <Filter>Source Files\string</Filter>
    </ClInclude>
    <ClInclude Include="string\strHelper.h">
      <Filter>Source Files\string</Filter>
    </ClInclude>
    <ClInclude Include="string\stringTable.h">
      <Filter>Source Files\string</Filter>
    </ClInclude>
    <ClInclude Include="string\strPathHelper.h">
      <Filter>Source Files\string</Filter>
    </ClInclude>
    <ClInclude Include="string\tokenize.h">
      <Filter>Source Files\string</Filter>
    </ClInclude>
    <ClInclude Include="string\ustringtable.h">
      <Filter>Source Files\string</Filter>
    </ClInclude>
    <ClInclude Include="threading\blockingCommandFIFO.h">
      <Filter>Source Files\threading</Filter>
    </ClInclude>
    <ClInclude Include="threading\commandFIFO.h">
      <Filter>Source Files\threading</Filter>
    </ClInclude>
    <ClInclude Include="threading\CriticalSection.h">
      <Filter>Source Files\threading</Filter>
    </ClInclude>
    <ClInclude Include="threading\helperThread.h">
      <Filter>Source Files\threading</Filter>
    </ClInclude>
    <ClInclude Include="threading\interlocked.h">
      <Filter>Source Files\threading</Filter>
    </ClInclude>
    <ClInclude Include="threading\lightWeightMutex.h">
      <Filter>Source Files\threading</Filter>
    </ClInclude>
    <ClInclude Include="threading\lockFreeQueue.h">
      <Filter>Source Files\threading</Filter>
    </ClInclude>
    <ClInclude Include="threading\monitor.h">
      <Filter>Source Files\threading</Filter>
    </ClInclude>
    <ClInclude Include="threading\readerWriterLock.h">
      <Filter>Source Files\threading</Filter>
    </ClInclude>
    <ClInclude Include="threading\setThreadName.h">
      <Filter>Source Files\threading</Filter>
    </ClInclude>
    <ClInclude Include="threading\simpleThreadManager.h">
      <Filter>Source Files\threading</Filter>
    </ClInclude>
    <ClInclude Include="threading\stateSwitch.h">
      <Filter>Source Files\threading</Filter>
    </ClInclude>
    <ClInclude Include="threading\synchronizedBlockAllocator.h">
      <Filter>Source Files\threading</Filter>
    </ClInclude>
    <ClInclude Include="threading\synchronizedFIFO.h">
      <Filter>Source Files\threading</Filter>
    </ClInclude>
    <ClInclude Include="threading\tlsValue.h">
      <Filter>Source Files\threading</Filter>
    </ClInclude>
    <ClInclude Include="threading\win32Event.h">
      <Filter>Source Files\threading</Filter>
    </ClInclude>
    <ClInclude Include="threading\win32Semaphore.h">
      <Filter>Source Files\threading</Filter>
    </ClInclude>
    <ClInclude Include="threading\win32WaitableTimer.h">
      <Filter>Source Files\threading</Filter>
    </ClInclude>
    <ClInclude Include="threading\workDistributor.h">
      <Filter>Source Files\threading</Filter>
    </ClInclude>
    <ClInclude Include="hash\adler32.h">
      <Filter>Source Files\hash</Filter>
    </ClInclude>
    <ClInclude Include="hash\bsha1.h">
      <Filter>Source Files\hash</Filter>
    </ClInclude>
    <ClInclude Include="hash\crc.h">
      <Filter>Source Files\hash</Filter>
    </ClInclude>
    <ClInclude Include="hash\digitalSignature.h">
      <Filter>Source Files\hash</Filter>
    </ClInclude>
    <ClInclude Include="hash\hash.h">
      <Filter>Source Files\hash</Filter>
    </ClInclude>
    <ClInclude Include="hash\teaCrypt.h">
      <Filter>Source Files\hash</Filter>
    </ClInclude>
    <ClInclude Include="hash\tiger.h">
      <Filter>Source Files\hash</Filter>
    </ClInclude>
    <ClInclude Include="hash\tigerCrypt.h">
      <Filter>Source Files\hash</Filter>
    </ClInclude>
    <ClInclude Include="memory\alignedAlloc.h">
      <Filter>Source Files\memory</Filter>
    </ClInclude>
    <ClInclude Include="memory\allocationLogger.h">
      <Filter>Source Files\memory</Filter>
    </ClInclude>
    <ClInclude Include="memory\allocationLoggerPackets.h">
      <Filter>Source Files\memory</Filter>
    </ClInclude>
    <ClInclude Include="memory\allocationtracker.h">
      <Filter>Source Files\memory</Filter>
    </ClInclude>
    <ClInclude Include="memory\allocators.h">
      <Filter>Source Files\memory</Filter>
    </ClInclude>
    <ClInclude Include="memory\AllocFixed.h">
      <Filter>Source Files\memory</Filter>
    </ClInclude>
    <ClInclude Include="memory\bfHeapAllocator.h">
      <Filter>Source Files\memory</Filter>
    </ClInclude>
    <ClInclude Include="memory\blockStackAllocator.h">
      <Filter>Source Files\memory</Filter>
    </ClInclude>
    <ClInclude Include="memory\dlmalloc.h">
      <Filter>Source Files\memory</Filter>
    </ClInclude>
    <ClInclude Include="memory\mallocWrappers.h">
      <Filter>Source Files\memory</Filter>
    </ClInclude>
    <ClInclude Include="memory\memoryHeap.h">
      <Filter>Source Files\memory</Filter>
    </ClInclude>
    <ClInclude Include="memory\memoryHeapAnalyzer.h">
      <Filter>Source Files\memory</Filter>
    </ClInclude>
    <ClInclude Include="memory\memoryHeapMacros.h">
      <Filter>Source Files\memory</Filter>
    </ClInclude>
    <ClInclude Include="memory\memStack.h">
      <Filter>Source Files\memory</Filter>
    </ClInclude>
    <ClInclude Include="memory\nullRockallHeap.h">
      <Filter>Source Files\memory</Filter>
    </ClInclude>
    <ClInclude Include="memory\regionAllocator.h">
      <Filter>Source Files\memory</Filter>
    </ClInclude>
    <ClInclude Include="memory\rockallHeapStats.h">
      <Filter>Source Files\memory</Filter>
    </ClInclude>
    <ClInclude Include="memory\XMemory.h">
      <Filter>Source Files\memory</Filter>
    </ClInclude>
    <ClInclude Include="file\fileLogger.h">
      <Filter>Source Files\file</Filter>
    </ClInclude>
    <ClInclude Include="file\lowLevelFileIO.h">
      <Filter>Source Files\file</Filter>
    </ClInclude>
    <ClInclude Include="file\win32File.h">
      <Filter>Source Files\file</Filter>
    </ClInclude>
    <ClInclude Include="file\win32FileStream.h">
      <Filter>Source Files\file</Filter>
    </ClInclude>
    <ClInclude Include="file\win32FileUtils.h">
      <Filter>Source Files\file</Filter>
    </ClInclude>
    <ClInclude Include="file\win32FindFiles.h">
      <Filter>Source Files\file</Filter>
    </ClInclude>
    <ClInclude Include="file\xboxFileUtils.h">
      <Filter>Source Files\file</Filter>
    </ClInclude>
    <ClInclude Include="file\xcontentStream.h">
      <Filter>Source Files\file</Filter>
    </ClInclude>
    <ClInclude Include="stream\bufferStream.h">
      <Filter>Source Files\stream</Filter>
    </ClInclude>
    <ClInclude Include="stream\byteStream.h">
      <Filter>Source Files\stream</Filter>
    </ClInclude>
    <ClInclude Include="stream\cfileStream.h">
      <Filter>Source Files\stream</Filter>
    </ClInclude>
    <ClInclude Include="stream\dynamicStream.h">
      <Filter>Source Files\stream</Filter>
    </ClInclude>
    <ClInclude Include="stream\encryptedStream.h">
      <Filter>Source Files\stream</Filter>
    </ClInclude>
    <ClInclude Include="stream\stream.h">
      <Filter>Source Files\stream</Filter>
    </ClInclude>
    <ClInclude Include="bassert.h">
      <Filter>Source Files\core</Filter>
    </ClInclude>
    <ClInclude Include="bassertResource.h">
      <Filter>Source Files\core</Filter>
    </ClInclude>
    <ClInclude Include="breakpoint.h">
      <Filter>Source Files\core</Filter>
    </ClInclude>
    <ClInclude Include="buildOptions.h">
      <Filter>Source Files\core</Filter>
    </ClInclude>
    <ClInclude Include="commonMacros.h">
      <Filter>Source Files\core</Filter>
    </ClInclude>
    <ClInclude Include="compileTimeAssert.h">
      <Filter>Source Files\core</Filter>
    </ClInclude>
    <ClInclude Include="consoleOutput.h">
      <Filter>Source Files\core</Filter>
    </ClInclude>
    <ClInclude Include="CriticalMessageBox.h">
      <Filter>Source Files\core</Filter>
    </ClInclude>
    <ClInclude Include="debugCallStack.h">
      <Filter>Source Files\core</Filter>
    </ClInclude>
    <ClInclude Include="debugHelp.h">
      <Filter>Source Files\core</Filter>
    </ClInclude>
    <ClInclude Include="estypes.h">
      <Filter>Source Files\core</Filter>
    </ClInclude>
    <ClInclude Include="FatalExit.h">
      <Filter>Source Files\core</Filter>
    </ClInclude>
    <ClInclude Include="globalObjects.h">
      <Filter>Source Files\core</Filter>
    </ClInclude>
    <ClInclude Include="PIXHelpers.h">
      <Filter>Source Files\core</Filter>
    </ClInclude>
    <ClInclude Include="rangeCheck.h">
      <Filter>Source Files\core</Filter>
    </ClInclude>
    <ClInclude Include="scalarConsts.h">
      <Filter>Source Files\core</Filter>
    </ClInclude>
    <ClInclude Include="simpleTypes.h">
      <Filter>Source Files\core</Filter>
    </ClInclude>
    <ClInclude Include="Timer.h">
      <Filter>Source Files\core</Filter>
    </ClInclude>
    <ClInclude Include="trace.h">
      <Filter>Source Files\core</Filter>
    </ClInclude>
    <ClInclude Include="functor\debug.h">
      <Filter>Source Files\functor</Filter>
    </ClInclude>
    <ClInclude Include="functor\funBind.h">
      <Filter>Source Files\functor</Filter>
    </ClInclude>
    <ClInclude Include="functor\funCall.h">
      <Filter>Source Files\functor</Filter>
    </ClInclude>
    <ClInclude Include="functor\functor.h">
      <Filter>Source Files\functor</Filter>
    </ClInclude>
    <ClInclude Include="functor\funTraits.h">
      <Filter>Source Files\functor</Filter>
    </ClInclude>
    <ClInclude Include="functor\generic.h">
      <Filter>Source Files\functor</Filter>
    </ClInclude>
    <ClInclude Include="xdb\xdb.h">
      <Filter>Source Files\xdb</Filter>
    </ClInclude>
    <ClInclude Include="xdb\xdbManager.h">
      <Filter>Source Files\xdb</Filter>
    </ClInclude>
    <ClInclude Include="xdb\xexInfo.h">
      <Filter>Source Files\xdb</Filter>
    </ClInclude>
    <ClInclude Include="xdb\xstackTrace.h">
      <Filter>Source Files\xdb</Filter>
    </ClInclude>
    <ClInclude Include="xml\AtgXmlParser.h">
      <Filter>Source Files\xml</Filter>
    </ClInclude>
    <ClInclude Include="xml\xmlDocument.h">
      <Filter>Source Files\xml</Filter>
    </ClInclude>
    <ClInclude Include="xml\xmxData.h">
      <Filter>Source Files\xml</Filter>
    </ClInclude>
    <ClInclude Include="xml\xmxDataBuilder.h">
      <Filter>Source Files\xml</Filter>
    </ClInclude>
    <ClInclude Include="xml\xmxDataDumper.h">
      <Filter>Source Files\xml</Filter>
    </ClInclude>
    <ClInclude Include="typeTraits\NullType.h">
      <Filter>Source Files\typeTraits</Filter>
    </ClInclude>
    <ClInclude Include="typeTraits\Sequence.h">
      <Filter>Source Files\typeTraits</Filter>
    </ClInclude>
    <ClInclude Include="typeTraits\Typelist.h">
      <Filter>Source Files\typeTraits</Filter>
    </ClInclude>
    <ClInclude Include="typeTraits\TypelistMacros.h">
      <Filter>Source Files\typeTraits</Filter>
    </ClInclude>
    <ClInclude Include="typeTraits\TypeManip.h">
      <Filter>Source Files\typeTraits</Filter>
    </ClInclude>
    <ClInclude Include="typeTraits\TypeTraits.h">
      <Filter>Source Files\typeTraits</Filter>
    </ClInclude>
    <ClInclude Include="resource\asyncECFArchiveLoader.h">
      <Filter>Source Files\resource</Filter>
    </ClInclude>
    <ClInclude Include="resource\ecfArchiveTypes.h">
      <Filter>Source Files\resource</Filter>
    </ClInclude>
    <ClInclude Include="resource\ecfFileData.h">
      <Filter>Source Files\resource</Filter>
    </ClInclude>
    <ClInclude Include="resource\ecfHeaderIDs.h">
      <Filter>Source Files\resource</Filter>
    </ClInclude>
    <ClInclude Include="resource\ecfUtils.h">
      <Filter>Source Files\resource</Filter>
    </ClInclude>
    <ClInclude Include="resource\resourceTag.h">
      <Filter>Source Files\resource</Filter>
    </ClInclude>
  </ItemGroup>
  <ItemGroup>
    <None Include="math\math.inl">
      <Filter>Source Files\math</Filter>
    </None>
    <None Include="math\quat.inl">
      <Filter>Source Files\math</Filter>
    </None>
    <None Include="utils\utils.inl">
      <Filter>Source Files\utils</Filter>
    </None>
    <None Include="containers\dynamicArrayAllocators.inl">
      <Filter>Source Files\containers</Filter>
    </None>
    <None Include="containers\freelist.inl">
      <Filter>Source Files\containers</Filter>
    </None>
    <None Include="containers\hashMap.inl">
      <Filter>Source Files\containers</Filter>
    </None>
    <None Include="containers\hashMapTypes.inl">
      <Filter>Source Files\containers</Filter>
    </None>
    <None Include="containers\linkedList.inl">
      <Filter>Source Files\containers</Filter>
    </None>
    <None Include="containers\PointerList.inl">
      <Filter>Source Files\containers</Filter>
    </None>
    <None Include="containers\skiplist.inl">
      <Filter>Source Files\containers</Filter>
    </None>
    <None Include="containers\skiplistTypes.inl">
      <Filter>Source Files\containers</Filter>
    </None>
    <None Include="string\bstring.inl">
      <Filter>Source Files\string</Filter>
    </None>
    <None Include="string\strHelper.inl">
      <Filter>Source Files\string</Filter>
    </None>
    <None Include="string\strPathHelper.inl">
      <Filter>Source Files\string</Filter>
    </None>
    <None Include="memory\alignedAlloc.inl">
      <Filter>Source Files\memory</Filter>
    </None>
    <None Include="rangeCheck.inl">
      <Filter>Source Files\core</Filter>
    </None>
  </ItemGroup>
  <ItemGroup>
    <CustomBuild Include="math\collision.h">
      <Filter>Source Files\math</Filter>
    </CustomBuild>
    <CustomBuild Include="math\intrinsicMatrix.h">
      <Filter>Source Files\math</Filter>
    </CustomBuild>
    <CustomBuild Include="math\intrinsicMatrix.inl">
      <Filter>Source Files\math</Filter>
    </CustomBuild>
    <CustomBuild Include="math\intrinsicQuaternion.h">
      <Filter>Source Files\math</Filter>
    </CustomBuild>
    <CustomBuild Include="math\intrinsicQuaternion.inl">
      <Filter>Source Files\math</Filter>
    </CustomBuild>
    <CustomBuild Include="math\intrinsicVector.h">
      <Filter>Source Files\math</Filter>
    </CustomBuild>
    <CustomBuild Include="math\intrinsicVector.inl">
      <Filter>Source Files\math</Filter>
    </CustomBuild>
    <CustomBuild Include="math\VMXIntersection.h">
      <Filter>Source Files\math</Filter>
    </CustomBuild>
    <CustomBuild Include="threading\eventDispatcher.h">
      <Filter>Source Files\threading</Filter>
    </CustomBuild>
    <CustomBuild Include="xexception\bitmapfont.h">
      <Filter>Source Files\xexception</Filter>
    </CustomBuild>
    <CustomBuild Include="xexception\bitmapfont9x14.h">
      <Filter>Source Files\xexception</Filter>
    </CustomBuild>
    <CustomBuild Include="xexception\xdebugtext.h">
      <Filter>Source Files\xexception</Filter>
    </CustomBuild>
    <CustomBuild Include="xexception\xexception.h">
      <Filter>Source Files\xexception</Filter>
    </CustomBuild>
  </ItemGroup>
</Project>