<?xml version="1.0" encoding="utf-8"?>
<Project ToolsVersion="4.0" xmlns="http://schemas.microsoft.com/developer/msbuild/2003">
  <ItemGroup>
    <Filter Include="Source Files">
      <UniqueIdentifier>{d4363a3c-9d7d-431b-8c12-46b1bc9718b9}</UniqueIdentifier>
      <Extensions>cpp;c;cxx;def;odl;idl;hpj;bat;asm</Extensions>
    </Filter>
    <Filter Include="Header Files">
      <UniqueIdentifier>{f63a6e9b-c4f4-40a7-a0ab-01d0c10e2761}</UniqueIdentifier>
      <Extensions>h;hpp;hxx;hm;inl;inc</Extensions>
    </Filter>
    <Filter Include="Resource Files">
      <UniqueIdentifier>{3824371c-5f55-4ee9-b231-4bc83767b117}</UniqueIdentifier>
      <Extensions>rc;ico;cur;bmp;dlg;rc2;rct;bin;rgs;gif;jpg;jpeg;jpe</Extensions>
    </Filter>
  </ItemGroup>
  <ItemGroup>
    <ClCompile Include="common.cpp">
      <Filter>Source Files</Filter>
    </ClCompile>
    <ClCompile Include="protovisual.cpp">
      <Filter>Source Files</Filter>
    </ClCompile>
    <ClCompile Include="visual.cpp">
      <Filter>Source Files</Filter>
    </ClCompile>
    <ClCompile Include="visualattachment.cpp">
      <Filter>Source Files</Filter>
    </ClCompile>
    <ClCompile Include="visualitem.cpp">
      <Filter>Source Files</Filter>
    </ClCompile>
    <ClCompile Include="visualmanager.cpp">
      <Filter>Source Files</Filter>
    </ClCompile>
    <ClCompile Include="visualRenderAttributes.cpp">
      <Filter>Source Files</Filter>
    </ClCompile>
    <ClCompile Include="xvisual.cpp">
      <Filter>Source Files</Filter>
    </ClCompile>
  </ItemGroup>
  <ItemGroup>
    <ClInclude Include="common.h">
      <Filter>Header Files</Filter>
    </ClInclude>
    <ClInclude Include="protovisual.h">
      <Filter>Header Files</Filter>
    </ClInclude>
    <ClInclude Include="visual.h">
      <Filter>Header Files</Filter>
    </ClInclude>
    <ClInclude Include="visualattachment.h">
      <Filter>Header Files</Filter>
    </ClInclude>
    <ClInclude Include="visualinstance.h">
      <Filter>Header Files</Filter>
    </ClInclude>
    <ClInclude Include="visualitem.h">
      <Filter>Header Files</Filter>
    </ClInclude>
    <ClInclude Include="visualmanager.h">
      <Filter>Header Files</Filter>
    </ClInclude>
    <ClInclude Include="visualRenderAttributes.h">
      <Filter>Header Files</Filter>
    </ClInclude>
    <ClInclude Include="xvisual.h">
      <Filter>Header Files</Filter>
    </ClInclude>
  </ItemGroup>
</Project>